{
  "version": 4,
  "terraform_version": "1.13.3",
  "serial": 145,
  "lineage": "9a450cd3-4c0b-be70-194d-ad20af6181a3",
  "outputs": {
    "csv_bucket_name": {
      "value": "todo-csv-bucket",
      "type": "string"
    },
    "dynamodb_table_name": {
      "value": "todo-list-table",
      "type": "string"
    },
    "lambda_exec_role_arn": {
      "value": "arn:aws:iam::222964728011:role/lambda_api_role",
      "type": "string"
    },
    "sqs_queue_url": {
      "value": "https://sqs.sa-east-1.amazonaws.com/222964728011/user-request-queue",
      "type": "string"
    }
  },
  "resources": [
    {
      "mode": "managed",
      "type": "aws_dynamodb_table",
      "name": "todo_table",
      "provider": "provider[\"registry.terraform.io/hashicorp/aws\"]",
      "instances": [
        {
          "schema_version": 1,
          "attributes": {
            "arn": "arn:aws:dynamodb:sa-east-1:222964728011:table/todo-list-table",
            "attribute": [
              {
                "name": "PK",
                "type": "S"
              },
              {
                "name": "SK",
                "type": "S"
              }
            ],
            "billing_mode": "PAY_PER_REQUEST",
            "deletion_protection_enabled": false,
            "global_secondary_index": [],
            "hash_key": "PK",
            "id": "todo-list-table",
            "import_table": [],
            "local_secondary_index": [],
            "name": "todo-list-table",
            "on_demand_throughput": [],
            "point_in_time_recovery": [
              {
                "enabled": false,
                "recovery_period_in_days": 0
              }
            ],
            "range_key": "SK",
            "read_capacity": 0,
            "region": "sa-east-1",
            "replica": [],
            "restore_date_time": null,
            "restore_source_name": null,
            "restore_source_table_arn": null,
            "restore_to_latest_time": null,
            "server_side_encryption": [],
            "stream_arn": "",
            "stream_enabled": false,
            "stream_label": "",
            "stream_view_type": "",
            "table_class": "STANDARD",
            "tags": {},
            "tags_all": {},
            "timeouts": null,
            "ttl": [
              {
                "attribute_name": "",
                "enabled": false
              }
            ],
            "warm_throughput": [],
            "write_capacity": 0
          },
          "sensitive_attributes": [],
          "identity_schema_version": 0,
          "private": "eyJlMmJmYjczMC1lY2FhLTExZTYtOGY4OC0zNDM2M2JjN2M0YzAiOnsiY3JlYXRlIjoxODAwMDAwMDAwMDAwLCJkZWxldGUiOjYwMDAwMDAwMDAwMCwidXBkYXRlIjozNjAwMDAwMDAwMDAwfSwic2NoZW1hX3ZlcnNpb24iOiIxIn0="
        }
      ]
    },
    {
      "mode": "managed",
      "type": "aws_iam_role",
      "name": "lambda_api_role",
      "provider": "provider[\"registry.terraform.io/hashicorp/aws\"]",
      "instances": [
        {
          "schema_version": 0,
          "attributes": {
            "arn": "arn:aws:iam::222964728011:role/lambda_api_role",
            "assume_role_policy": "{\"Statement\":[{\"Action\":\"sts:AssumeRole\",\"Effect\":\"Allow\",\"Principal\":{\"Service\":\"lambda.amazonaws.com\"}}],\"Version\":\"2012-10-17\"}",
            "create_date": "2025-10-14T23:39:07Z",
            "description": "",
            "force_detach_policies": false,
            "id": "lambda_api_role",
            "inline_policy": [],
            "managed_policy_arns": [
              "arn:aws:iam::aws:policy/AmazonDynamoDBFullAccess",
              "arn:aws:iam::aws:policy/AmazonSQSFullAccess",
              "arn:aws:iam::aws:policy/service-role/AWSLambdaBasicExecutionRole"
            ],
            "max_session_duration": 3600,
            "name": "lambda_api_role",
            "name_prefix": "",
            "path": "/",
            "permissions_boundary": "",
            "tags": {},
            "tags_all": {},
            "unique_id": "AROATH2N3YDF53DYKEHT3"
          },
          "sensitive_attributes": [],
          "identity_schema_version": 0,
          "identity": {
            "account_id": "222964728011",
            "name": "lambda_api_role"
          },
          "private": "bnVsbA=="
        }
      ]
    },
    {
      "mode": "managed",
      "type": "aws_iam_role_policy_attachment",
      "name": "lambda_basic_execution",
      "provider": "provider[\"registry.terraform.io/hashicorp/aws\"]",
      "instances": [
        {
          "schema_version": 0,
          "attributes": {
            "id": "lambda_api_role/arn:aws:iam::aws:policy/service-role/AWSLambdaBasicExecutionRole",
            "policy_arn": "arn:aws:iam::aws:policy/service-role/AWSLambdaBasicExecutionRole",
            "role": "lambda_api_role"
          },
          "sensitive_attributes": [],
          "identity_schema_version": 0,
          "identity": {
            "account_id": "222964728011",
            "policy_arn": "arn:aws:iam::aws:policy/service-role/AWSLambdaBasicExecutionRole",
            "role": "lambda_api_role"
          },
          "private": "bnVsbA==",
          "dependencies": [
            "aws_iam_role.lambda_api_role"
          ]
        }
      ]
    },
    {
      "mode": "managed",
      "type": "aws_iam_role_policy_attachment",
      "name": "lambda_dynamodb_access",
      "provider": "provider[\"registry.terraform.io/hashicorp/aws\"]",
      "instances": [
        {
          "schema_version": 0,
          "attributes": {
            "id": "lambda_api_role/arn:aws:iam::aws:policy/AmazonDynamoDBFullAccess",
            "policy_arn": "arn:aws:iam::aws:policy/AmazonDynamoDBFullAccess",
            "role": "lambda_api_role"
          },
          "sensitive_attributes": [],
          "identity_schema_version": 0,
          "identity": {
            "account_id": "222964728011",
            "policy_arn": "arn:aws:iam::aws:policy/AmazonDynamoDBFullAccess",
            "role": "lambda_api_role"
          },
          "private": "bnVsbA==",
          "dependencies": [
            "aws_iam_role.lambda_api_role"
          ]
        }
      ]
    },
    {
      "mode": "managed",
      "type": "aws_iam_role_policy_attachment",
      "name": "lambda_sqs_access",
      "provider": "provider[\"registry.terraform.io/hashicorp/aws\"]",
      "instances": [
        {
          "schema_version": 0,
          "attributes": {
            "id": "lambda_api_role/arn:aws:iam::aws:policy/AmazonSQSFullAccess",
            "policy_arn": "arn:aws:iam::aws:policy/AmazonSQSFullAccess",
            "role": "lambda_api_role"
          },
          "sensitive_attributes": [],
          "identity_schema_version": 0,
          "identity": {
            "account_id": "222964728011",
            "policy_arn": "arn:aws:iam::aws:policy/AmazonSQSFullAccess",
            "role": "lambda_api_role"
          },
          "private": "bnVsbA==",
          "dependencies": [
            "aws_iam_role.lambda_api_role"
          ]
        }
      ]
    },
    {
      "mode": "managed",
      "type": "aws_lambda_function",
      "name": "create_item_lambda",
      "provider": "provider[\"registry.terraform.io/hashicorp/aws\"]",
      "instances": [
        {
          "schema_version": 0,
          "attributes": {
            "architectures": [
              "x86_64"
            ],
            "arn": "arn:aws:lambda:sa-east-1:222964728011:function:create_item_lambda",
            "code_sha256": "xZ3aTXNg6Z8YjtSQhRBJ7SQnGzIiEQQ8ofN/1eVuOIM=",
            "code_signing_config_arn": "",
            "dead_letter_config": [],
            "description": "",
            "environment": [
              {
                "variables": {
                  "DYNAMODB_TABLE": "todo-list-table"
                }
              }
            ],
            "ephemeral_storage": [
              {
                "size": 512
              }
            ],
            "file_system_config": [],
            "filename": "./create_item.zip",
            "function_name": "create_item_lambda",
            "handler": "create_item.lambda_handler",
            "id": "create_item_lambda",
            "image_config": [],
            "image_uri": "",
            "invoke_arn": "arn:aws:apigateway:sa-east-1:lambda:path/2015-03-31/functions/arn:aws:lambda:sa-east-1:222964728011:function:create_item_lambda/invocations",
            "kms_key_arn": "",
            "last_modified": "2025-10-15T22:59:17.000+0000",
            "layers": [],
            "logging_config": [
              {
                "application_log_level": "",
                "log_format": "Text",
                "log_group": "/aws/lambda/create_item_lambda",
                "system_log_level": ""
              }
            ],
            "memory_size": 128,
            "package_type": "Zip",
            "publish": false,
            "qualified_arn": "arn:aws:lambda:sa-east-1:222964728011:function:create_item_lambda:$LATEST",
            "qualified_invoke_arn": "arn:aws:apigateway:sa-east-1:lambda:path/2015-03-31/functions/arn:aws:lambda:sa-east-1:222964728011:function:create_item_lambda:$LATEST/invocations",
            "region": "sa-east-1",
            "replace_security_groups_on_destroy": null,
            "replacement_security_group_ids": null,
            "reserved_concurrent_executions": -1,
            "role": "arn:aws:iam::222964728011:role/lambda_api_role",
            "runtime": "python3.9",
            "s3_bucket": null,
            "s3_key": null,
            "s3_object_version": null,
            "signing_job_arn": "",
            "signing_profile_version_arn": "",
            "skip_destroy": false,
            "snap_start": [],
            "source_code_hash": "xZ3aTXNg6Z8YjtSQhRBJ7SQnGzIiEQQ8ofN/1eVuOIM=",
            "source_code_size": 667,
            "source_kms_key_arn": "",
            "tags": {},
            "tags_all": {},
            "timeout": 3,
            "timeouts": null,
            "tracing_config": [
              {
                "mode": "PassThrough"
              }
            ],
            "version": "$LATEST",
            "vpc_config": []
          },
          "sensitive_attributes": [],
          "identity_schema_version": 0,
          "identity": {
            "account_id": "222964728011",
            "function_name": "create_item_lambda",
            "region": "sa-east-1"
          },
          "private": "eyJlMmJmYjczMC1lY2FhLTExZTYtOGY4OC0zNDM2M2JjN2M0YzAiOnsiY3JlYXRlIjo2MDAwMDAwMDAwMDAsImRlbGV0ZSI6NjAwMDAwMDAwMDAwLCJ1cGRhdGUiOjYwMDAwMDAwMDAwMH19",
          "dependencies": [
            "aws_dynamodb_table.todo_table",
            "aws_iam_role.lambda_api_role"
          ]
        }
      ]
    },
    {
      "mode": "managed",
      "type": "aws_lambda_function",
      "name": "create_list_lambda",
      "provider": "provider[\"registry.terraform.io/hashicorp/aws\"]",
      "instances": [
        {
          "schema_version": 0,
          "attributes": {
            "architectures": [
              "x86_64"
            ],
            "arn": "arn:aws:lambda:sa-east-1:222964728011:function:create_list_lambda",
            "code_sha256": "LQcFjzPLYsEYV4p5AQlrBpR4ErKGFTv9yWETPd2GzeE=",
            "code_signing_config_arn": "",
            "dead_letter_config": [],
            "description": "",
            "environment": [
              {
                "variables": {
                  "DYNAMODB_TABLE": "todo-list-table"
                }
              }
            ],
            "ephemeral_storage": [
              {
                "size": 512
              }
            ],
            "file_system_config": [],
            "filename": "./lambda_function.zip",
            "function_name": "create_list_lambda",
            "handler": "lambda_function.lambda_handler",
            "id": "create_list_lambda",
            "image_config": [],
            "image_uri": "",
            "invoke_arn": "arn:aws:apigateway:sa-east-1:lambda:path/2015-03-31/functions/arn:aws:lambda:sa-east-1:222964728011:function:create_list_lambda/invocations",
            "kms_key_arn": "",
            "last_modified": "2025-10-14T23:39:29.975+0000",
            "layers": [],
            "logging_config": [
              {
                "application_log_level": "",
                "log_format": "Text",
                "log_group": "/aws/lambda/create_list_lambda",
                "system_log_level": ""
              }
            ],
            "memory_size": 128,
            "package_type": "Zip",
            "publish": false,
            "qualified_arn": "arn:aws:lambda:sa-east-1:222964728011:function:create_list_lambda:$LATEST",
            "qualified_invoke_arn": "arn:aws:apigateway:sa-east-1:lambda:path/2015-03-31/functions/arn:aws:lambda:sa-east-1:222964728011:function:create_list_lambda:$LATEST/invocations",
            "region": "sa-east-1",
            "replace_security_groups_on_destroy": null,
            "replacement_security_group_ids": null,
            "reserved_concurrent_executions": -1,
            "role": "arn:aws:iam::222964728011:role/lambda_api_role",
            "runtime": "python3.9",
            "s3_bucket": null,
            "s3_key": null,
            "s3_object_version": null,
            "signing_job_arn": "",
            "signing_profile_version_arn": "",
            "skip_destroy": false,
            "snap_start": [],
            "source_code_hash": "LQcFjzPLYsEYV4p5AQlrBpR4ErKGFTv9yWETPd2GzeE=",
            "source_code_size": 668,
            "source_kms_key_arn": "",
            "tags": {},
            "tags_all": {},
            "timeout": 3,
            "timeouts": null,
            "tracing_config": [
              {
                "mode": "PassThrough"
              }
            ],
            "version": "$LATEST",
            "vpc_config": []
          },
          "sensitive_attributes": [],
          "identity_schema_version": 0,
          "identity": {
            "account_id": "222964728011",
            "function_name": "create_list_lambda",
            "region": "sa-east-1"
          },
          "private": "eyJlMmJmYjczMC1lY2FhLTExZTYtOGY4OC0zNDM2M2JjN2M0YzAiOnsiY3JlYXRlIjo2MDAwMDAwMDAwMDAsImRlbGV0ZSI6NjAwMDAwMDAwMDAwLCJ1cGRhdGUiOjYwMDAwMDAwMDAwMH19",
          "dependencies": [
            "aws_dynamodb_table.todo_table",
            "aws_iam_role.lambda_api_role"
          ]
        }
      ]
    },
    {
      "mode": "managed",
      "type": "aws_lambda_function",
      "name": "delete_item_lambda",
      "provider": "provider[\"registry.terraform.io/hashicorp/aws\"]",
      "instances": [
        {
          "schema_version": 0,
          "attributes": {
            "architectures": [
              "x86_64"
            ],
            "arn": "arn:aws:lambda:sa-east-1:222964728011:function:delete_item_lambda",
            "code_sha256": "ZoYFfL9p/mrt/45tizHh9kX/Miq/1oXr1GNinrLFnJg=",
            "code_signing_config_arn": "",
            "dead_letter_config": [],
            "description": "",
            "environment": [
              {
                "variables": {
                  "DYNAMODB_TABLE": "todo-list-table"
                }
              }
            ],
            "ephemeral_storage": [
              {
                "size": 512
              }
            ],
            "file_system_config": [],
            "filename": "./delete_item.zip",
            "function_name": "delete_item_lambda",
            "handler": "delete_item.lambda_handler",
            "id": "delete_item_lambda",
            "image_config": [],
            "image_uri": "",
            "invoke_arn": "arn:aws:apigateway:sa-east-1:lambda:path/2015-03-31/functions/arn:aws:lambda:sa-east-1:222964728011:function:delete_item_lambda/invocations",
            "kms_key_arn": "",
            "last_modified": "2025-10-24T23:47:27.430+0000",
            "layers": [],
            "logging_config": [
              {
                "application_log_level": "",
                "log_format": "Text",
                "log_group": "/aws/lambda/delete_item_lambda",
                "system_log_level": ""
              }
            ],
            "memory_size": 128,
            "package_type": "Zip",
            "publish": false,
            "qualified_arn": "arn:aws:lambda:sa-east-1:222964728011:function:delete_item_lambda:$LATEST",
            "qualified_invoke_arn": "arn:aws:apigateway:sa-east-1:lambda:path/2015-03-31/functions/arn:aws:lambda:sa-east-1:222964728011:function:delete_item_lambda:$LATEST/invocations",
            "region": "sa-east-1",
            "replace_security_groups_on_destroy": null,
            "replacement_security_group_ids": null,
            "reserved_concurrent_executions": -1,
            "role": "arn:aws:iam::222964728011:role/lambda_api_role",
            "runtime": "python3.9",
            "s3_bucket": null,
            "s3_key": null,
            "s3_object_version": null,
            "signing_job_arn": "",
            "signing_profile_version_arn": "",
            "skip_destroy": false,
            "snap_start": [],
            "source_code_hash": "ZoYFfL9p/mrt/45tizHh9kX/Miq/1oXr1GNinrLFnJg=",
            "source_code_size": 729,
            "source_kms_key_arn": "",
            "tags": {},
            "tags_all": {},
            "timeout": 3,
            "timeouts": null,
            "tracing_config": [
              {
                "mode": "PassThrough"
              }
            ],
            "version": "$LATEST",
            "vpc_config": []
          },
          "sensitive_attributes": [],
          "identity_schema_version": 0,
          "identity": {
            "account_id": "222964728011",
            "function_name": "delete_item_lambda",
            "region": "sa-east-1"
          },
          "private": "eyJlMmJmYjczMC1lY2FhLTExZTYtOGY4OC0zNDM2M2JjN2M0YzAiOnsiY3JlYXRlIjo2MDAwMDAwMDAwMDAsImRlbGV0ZSI6NjAwMDAwMDAwMDAwLCJ1cGRhdGUiOjYwMDAwMDAwMDAwMH19",
          "dependencies": [
            "aws_dynamodb_table.todo_table",
            "aws_iam_role.lambda_api_role"
          ]
        }
      ]
    },
    {
      "mode": "managed",
      "type": "aws_lambda_function",
      "name": "get_item_lambda",
      "provider": "provider[\"registry.terraform.io/hashicorp/aws\"]",
      "instances": [
        {
          "schema_version": 0,
          "attributes": {
            "architectures": [
              "x86_64"
            ],
            "arn": "arn:aws:lambda:sa-east-1:222964728011:function:get_item_lambda",
            "code_sha256": "nXqtlGIxHPCwZiNf9hIRAa4ugQAL5FexszJ7JeWbnwc=",
            "code_signing_config_arn": "",
            "dead_letter_config": [],
            "description": "",
            "environment": [
              {
                "variables": {
                  "DYNAMODB_TABLE": "todo-list-table"
                }
              }
            ],
            "ephemeral_storage": [
              {
                "size": 512
              }
            ],
            "file_system_config": [],
            "filename": "./get_item.zip",
            "function_name": "get_item_lambda",
            "handler": "get_item.lambda_handler",
            "id": "get_item_lambda",
            "image_config": [],
            "image_uri": "",
            "invoke_arn": "arn:aws:apigateway:sa-east-1:lambda:path/2015-03-31/functions/arn:aws:lambda:sa-east-1:222964728011:function:get_item_lambda/invocations",
            "kms_key_arn": "",
            "last_modified": "2025-10-16T01:52:16.000+0000",
            "layers": [],
            "logging_config": [
              {
                "application_log_level": "",
                "log_format": "Text",
                "log_group": "/aws/lambda/get_item_lambda",
                "system_log_level": ""
              }
            ],
            "memory_size": 128,
            "package_type": "Zip",
            "publish": false,
            "qualified_arn": "arn:aws:lambda:sa-east-1:222964728011:function:get_item_lambda:$LATEST",
            "qualified_invoke_arn": "arn:aws:apigateway:sa-east-1:lambda:path/2015-03-31/functions/arn:aws:lambda:sa-east-1:222964728011:function:get_item_lambda:$LATEST/invocations",
            "region": "sa-east-1",
            "replace_security_groups_on_destroy": null,
            "replacement_security_group_ids": null,
            "reserved_concurrent_executions": -1,
            "role": "arn:aws:iam::222964728011:role/lambda_api_role",
            "runtime": "python3.9",
            "s3_bucket": null,
            "s3_key": null,
            "s3_object_version": null,
            "signing_job_arn": "",
            "signing_profile_version_arn": "",
            "skip_destroy": false,
            "snap_start": [],
            "source_code_hash": "nXqtlGIxHPCwZiNf9hIRAa4ugQAL5FexszJ7JeWbnwc=",
            "source_code_size": 820,
            "source_kms_key_arn": "",
            "tags": {},
            "tags_all": {},
            "timeout": 3,
            "timeouts": null,
            "tracing_config": [
              {
                "mode": "PassThrough"
              }
            ],
            "version": "$LATEST",
            "vpc_config": []
          },
          "sensitive_attributes": [],
          "identity_schema_version": 0,
          "identity": {
            "account_id": "222964728011",
            "function_name": "get_item_lambda",
            "region": "sa-east-1"
          },
          "private": "eyJlMmJmYjczMC1lY2FhLTExZTYtOGY4OC0zNDM2M2JjN2M0YzAiOnsiY3JlYXRlIjo2MDAwMDAwMDAwMDAsImRlbGV0ZSI6NjAwMDAwMDAwMDAwLCJ1cGRhdGUiOjYwMDAwMDAwMDAwMH19",
          "dependencies": [
            "aws_dynamodb_table.todo_table",
            "aws_iam_role.lambda_api_role"
          ]
        }
      ]
    },
    {
      "mode": "managed",
      "type": "aws_lambda_function",
      "name": "get_list_by_id_lambda",
      "provider": "provider[\"registry.terraform.io/hashicorp/aws\"]",
      "instances": [
        {
          "schema_version": 0,
          "attributes": {
            "architectures": [
              "x86_64"
            ],
            "arn": "arn:aws:lambda:sa-east-1:222964728011:function:get_list_by_id_lambda",
            "code_sha256": "ZMBGcXgiQ2dhhMjnHi3p1FirCWcAYgpVkgKwsiJ02II=",
            "code_signing_config_arn": "",
            "dead_letter_config": [],
            "description": "",
            "environment": [
              {
                "variables": {
                  "DYNAMODB_TABLE": "todo-list-table"
                }
              }
            ],
            "ephemeral_storage": [
              {
                "size": 512
              }
            ],
            "file_system_config": [],
            "filename": "./get_list_by_id.zip",
            "function_name": "get_list_by_id_lambda",
            "handler": "get_list_by_id.lambda_handler",
            "id": "get_list_by_id_lambda",
            "image_config": [],
            "image_uri": "",
            "invoke_arn": "arn:aws:apigateway:sa-east-1:lambda:path/2015-03-31/functions/arn:aws:lambda:sa-east-1:222964728011:function:get_list_by_id_lambda/invocations",
            "kms_key_arn": "",
            "last_modified": "2025-10-24T02:13:07.000+0000",
            "layers": [],
            "logging_config": [
              {
                "application_log_level": "",
                "log_format": "Text",
                "log_group": "/aws/lambda/get_list_by_id_lambda",
                "system_log_level": ""
              }
            ],
            "memory_size": 128,
            "package_type": "Zip",
            "publish": false,
            "qualified_arn": "arn:aws:lambda:sa-east-1:222964728011:function:get_list_by_id_lambda:$LATEST",
            "qualified_invoke_arn": "arn:aws:apigateway:sa-east-1:lambda:path/2015-03-31/functions/arn:aws:lambda:sa-east-1:222964728011:function:get_list_by_id_lambda:$LATEST/invocations",
            "region": "sa-east-1",
            "replace_security_groups_on_destroy": null,
            "replacement_security_group_ids": null,
            "reserved_concurrent_executions": -1,
            "role": "arn:aws:iam::222964728011:role/lambda_api_role",
            "runtime": "python3.9",
            "s3_bucket": null,
            "s3_key": null,
            "s3_object_version": null,
            "signing_job_arn": "",
            "signing_profile_version_arn": "",
            "skip_destroy": false,
            "snap_start": [],
            "source_code_hash": "ZMBGcXgiQ2dhhMjnHi3p1FirCWcAYgpVkgKwsiJ02II=",
            "source_code_size": 744,
            "source_kms_key_arn": "",
            "tags": {},
            "tags_all": {},
            "timeout": 3,
            "timeouts": null,
            "tracing_config": [
              {
                "mode": "PassThrough"
              }
            ],
            "version": "$LATEST",
            "vpc_config": []
          },
          "sensitive_attributes": [],
          "identity_schema_version": 0,
          "identity": {
            "account_id": "222964728011",
            "function_name": "get_list_by_id_lambda",
            "region": "sa-east-1"
          },
          "private": "eyJlMmJmYjczMC1lY2FhLTExZTYtOGY4OC0zNDM2M2JjN2M0YzAiOnsiY3JlYXRlIjo2MDAwMDAwMDAwMDAsImRlbGV0ZSI6NjAwMDAwMDAwMDAwLCJ1cGRhdGUiOjYwMDAwMDAwMDAwMH19",
          "dependencies": [
            "aws_dynamodb_table.todo_table",
            "aws_iam_role.lambda_api_role"
          ]
        }
      ]
    },
    {
      "mode": "managed",
      "type": "aws_lambda_function",
      "name": "get_lists_lambda",
      "provider": "provider[\"registry.terraform.io/hashicorp/aws\"]",
      "instances": [
        {
          "schema_version": 0,
          "attributes": {
            "architectures": [
              "x86_64"
            ],
            "arn": "arn:aws:lambda:sa-east-1:222964728011:function:get_lists_lambda",
            "code_sha256": "NbBJZQwDQXJmBpfSMLYs5koba2Ock8ShtK6IClaRtn4=",
            "code_signing_config_arn": "",
            "dead_letter_config": [],
            "description": "",
            "environment": [
              {
                "variables": {
                  "DYNAMODB_TABLE": "todo-list-table"
                }
              }
            ],
            "ephemeral_storage": [
              {
                "size": 512
              }
            ],
            "file_system_config": [],
            "filename": "./get_lists.zip",
            "function_name": "get_lists_lambda",
            "handler": "get_lists.lambda_handler",
            "id": "get_lists_lambda",
            "image_config": [],
            "image_uri": "",
            "invoke_arn": "arn:aws:apigateway:sa-east-1:lambda:path/2015-03-31/functions/arn:aws:lambda:sa-east-1:222964728011:function:get_lists_lambda/invocations",
            "kms_key_arn": "",
            "last_modified": "2025-10-14T23:39:18.004+0000",
            "layers": [],
            "logging_config": [
              {
                "application_log_level": "",
                "log_format": "Text",
                "log_group": "/aws/lambda/get_lists_lambda",
                "system_log_level": ""
              }
            ],
            "memory_size": 128,
            "package_type": "Zip",
            "publish": false,
            "qualified_arn": "arn:aws:lambda:sa-east-1:222964728011:function:get_lists_lambda:$LATEST",
            "qualified_invoke_arn": "arn:aws:apigateway:sa-east-1:lambda:path/2015-03-31/functions/arn:aws:lambda:sa-east-1:222964728011:function:get_lists_lambda:$LATEST/invocations",
            "region": "sa-east-1",
            "replace_security_groups_on_destroy": null,
            "replacement_security_group_ids": null,
            "reserved_concurrent_executions": -1,
            "role": "arn:aws:iam::222964728011:role/lambda_api_role",
            "runtime": "python3.9",
            "s3_bucket": null,
            "s3_key": null,
            "s3_object_version": null,
            "signing_job_arn": "",
            "signing_profile_version_arn": "",
            "skip_destroy": false,
            "snap_start": [],
            "source_code_hash": "NbBJZQwDQXJmBpfSMLYs5koba2Ock8ShtK6IClaRtn4=",
            "source_code_size": 559,
            "source_kms_key_arn": "",
            "tags": {},
            "tags_all": {},
            "timeout": 3,
            "timeouts": null,
            "tracing_config": [
              {
                "mode": "PassThrough"
              }
            ],
            "version": "$LATEST",
            "vpc_config": []
          },
          "sensitive_attributes": [],
          "identity_schema_version": 0,
          "identity": {
            "account_id": "222964728011",
            "function_name": "get_lists_lambda",
            "region": "sa-east-1"
          },
          "private": "eyJlMmJmYjczMC1lY2FhLTExZTYtOGY4OC0zNDM2M2JjN2M0YzAiOnsiY3JlYXRlIjo2MDAwMDAwMDAwMDAsImRlbGV0ZSI6NjAwMDAwMDAwMDAwLCJ1cGRhdGUiOjYwMDAwMDAwMDAwMH19",
          "dependencies": [
            "aws_dynamodb_table.todo_table",
            "aws_iam_role.lambda_api_role"
          ]
        }
      ]
    },
    {
      "mode": "managed",
      "type": "aws_lambda_function",
      "name": "get_request_lambda",
      "provider": "provider[\"registry.terraform.io/hashicorp/aws\"]",
      "instances": [
        {
          "schema_version": 0,
          "attributes": {
            "architectures": [
              "x86_64"
            ],
            "arn": "arn:aws:lambda:sa-east-1:222964728011:function:get_request_lambda",
            "code_sha256": "gunGXdNUE3Olmh4Xg7bcng+GSW3OisYoLCq6Y4mW7Bk=",
            "code_signing_config_arn": "",
            "dead_letter_config": [],
            "description": "",
            "environment": [
              {
                "variables": {
                  "SQS_QUEUE_URL": "https://sqs.sa-east-1.amazonaws.com/222964728011/user-request-queue"
                }
              }
            ],
            "ephemeral_storage": [
              {
                "size": 512
              }
            ],
            "file_system_config": [],
            "filename": "./get_request.zip",
            "function_name": "get_request_lambda",
            "handler": "get_request.lambda_handler",
            "id": "get_request_lambda",
            "image_config": [],
            "image_uri": "",
            "invoke_arn": "arn:aws:apigateway:sa-east-1:lambda:path/2015-03-31/functions/arn:aws:lambda:sa-east-1:222964728011:function:get_request_lambda/invocations",
            "kms_key_arn": "",
            "last_modified": "2025-10-31T01:23:51.000+0000",
            "layers": [],
            "logging_config": [
              {
                "application_log_level": "",
                "log_format": "Text",
                "log_group": "/aws/lambda/get_request_lambda",
                "system_log_level": ""
              }
            ],
            "memory_size": 128,
            "package_type": "Zip",
            "publish": false,
            "qualified_arn": "arn:aws:lambda:sa-east-1:222964728011:function:get_request_lambda:$LATEST",
            "qualified_invoke_arn": "arn:aws:apigateway:sa-east-1:lambda:path/2015-03-31/functions/arn:aws:lambda:sa-east-1:222964728011:function:get_request_lambda:$LATEST/invocations",
            "region": "sa-east-1",
            "replace_security_groups_on_destroy": null,
            "replacement_security_group_ids": null,
            "reserved_concurrent_executions": -1,
            "role": "arn:aws:iam::222964728011:role/lambda_api_role",
            "runtime": "python3.9",
            "s3_bucket": null,
            "s3_key": null,
            "s3_object_version": null,
            "signing_job_arn": "",
            "signing_profile_version_arn": "",
            "skip_destroy": false,
            "snap_start": [],
            "source_code_hash": "gunGXdNUE3Olmh4Xg7bcng+GSW3OisYoLCq6Y4mW7Bk=",
            "source_code_size": 1603,
            "source_kms_key_arn": "",
            "tags": {},
            "tags_all": {},
            "timeout": 3,
            "timeouts": null,
            "tracing_config": [
              {
                "mode": "PassThrough"
              }
            ],
            "version": "$LATEST",
            "vpc_config": []
          },
          "sensitive_attributes": [],
          "identity_schema_version": 0,
          "identity": {
            "account_id": "222964728011",
            "function_name": "get_request_lambda",
            "region": "sa-east-1"
          },
          "private": "eyJlMmJmYjczMC1lY2FhLTExZTYtOGY4OC0zNDM2M2JjN2M0YzAiOnsiY3JlYXRlIjo2MDAwMDAwMDAwMDAsImRlbGV0ZSI6NjAwMDAwMDAwMDAwLCJ1cGRhdGUiOjYwMDAwMDAwMDAwMH19",
          "dependencies": [
            "aws_iam_role.lambda_api_role",
            "aws_sqs_queue.request_queue"
          ]
        }
      ]
    },
    {
      "mode": "managed",
      "type": "aws_lambda_function",
      "name": "post_request_lambda",
      "provider": "provider[\"registry.terraform.io/hashicorp/aws\"]",
      "instances": [
        {
          "schema_version": 0,
          "attributes": {
            "architectures": [
              "x86_64"
            ],
            "arn": "arn:aws:lambda:sa-east-1:222964728011:function:post_request_lambda",
            "code_sha256": "TDP2yoz8VVDxiRrRTdXfBA6W9GdJybivXEX5XxlsmY0=",
            "code_signing_config_arn": "",
            "dead_letter_config": [],
            "description": "",
            "environment": [
              {
                "variables": {
                  "SQS_QUEUE_URL": "https://sqs.sa-east-1.amazonaws.com/222964728011/user-request-queue"
                }
              }
            ],
            "ephemeral_storage": [
              {
                "size": 512
              }
            ],
            "file_system_config": [],
            "filename": "./post_request.zip",
            "function_name": "post_request_lambda",
            "handler": "post_request.lambda_handler",
            "id": "post_request_lambda",
            "image_config": [],
            "image_uri": "",
            "invoke_arn": "arn:aws:apigateway:sa-east-1:lambda:path/2015-03-31/functions/arn:aws:lambda:sa-east-1:222964728011:function:post_request_lambda/invocations",
            "kms_key_arn": "",
            "last_modified": "2025-10-27T23:20:50.052+0000",
            "layers": [],
            "logging_config": [
              {
                "application_log_level": "",
                "log_format": "Text",
                "log_group": "/aws/lambda/post_request_lambda",
                "system_log_level": ""
              }
            ],
            "memory_size": 128,
            "package_type": "Zip",
            "publish": false,
            "qualified_arn": "arn:aws:lambda:sa-east-1:222964728011:function:post_request_lambda:$LATEST",
            "qualified_invoke_arn": "arn:aws:apigateway:sa-east-1:lambda:path/2015-03-31/functions/arn:aws:lambda:sa-east-1:222964728011:function:post_request_lambda:$LATEST/invocations",
            "region": "sa-east-1",
            "replace_security_groups_on_destroy": null,
            "replacement_security_group_ids": null,
            "reserved_concurrent_executions": -1,
            "role": "arn:aws:iam::222964728011:role/lambda_api_role",
            "runtime": "python3.9",
            "s3_bucket": null,
            "s3_key": null,
            "s3_object_version": null,
            "signing_job_arn": "",
            "signing_profile_version_arn": "",
            "skip_destroy": false,
            "snap_start": [],
            "source_code_hash": "TDP2yoz8VVDxiRrRTdXfBA6W9GdJybivXEX5XxlsmY0=",
            "source_code_size": 536,
            "source_kms_key_arn": "",
            "tags": {},
            "tags_all": {},
            "timeout": 3,
            "timeouts": null,
            "tracing_config": [
              {
                "mode": "PassThrough"
              }
            ],
            "version": "$LATEST",
            "vpc_config": []
          },
          "sensitive_attributes": [],
          "identity_schema_version": 0,
          "identity": {
            "account_id": "222964728011",
            "function_name": "post_request_lambda",
            "region": "sa-east-1"
          },
          "private": "eyJlMmJmYjczMC1lY2FhLTExZTYtOGY4OC0zNDM2M2JjN2M0YzAiOnsiY3JlYXRlIjo2MDAwMDAwMDAwMDAsImRlbGV0ZSI6NjAwMDAwMDAwMDAwLCJ1cGRhdGUiOjYwMDAwMDAwMDAwMH19",
          "dependencies": [
            "aws_iam_role.lambda_api_role",
            "aws_sqs_queue.request_queue"
          ]
        }
      ]
    },
    {
      "mode": "managed",
      "type": "aws_lambda_function",
      "name": "update_item_lambda",
      "provider": "provider[\"registry.terraform.io/hashicorp/aws\"]",
      "instances": [
        {
          "schema_version": 0,
          "attributes": {
            "architectures": [
              "x86_64"
            ],
            "arn": "arn:aws:lambda:sa-east-1:222964728011:function:update_item_lambda",
            "code_sha256": "bGRn2n1xjxkoettGgXOSO5/6EdKx+OzqM6zW8mktn6I=",
            "code_signing_config_arn": "",
            "dead_letter_config": [],
            "description": "",
            "environment": [
              {
                "variables": {
                  "DYNAMODB_TABLE": "todo-list-table"
                }
              }
            ],
            "ephemeral_storage": [
              {
                "size": 512
              }
            ],
            "file_system_config": [],
            "filename": "./update_item.zip",
            "function_name": "update_item_lambda",
            "handler": "update_item.lambda_handler",
            "id": "update_item_lambda",
            "image_config": [],
            "image_uri": "",
            "invoke_arn": "arn:aws:apigateway:sa-east-1:lambda:path/2015-03-31/functions/arn:aws:lambda:sa-east-1:222964728011:function:update_item_lambda/invocations",
            "kms_key_arn": "",
            "last_modified": "2025-10-17T02:07:37.000+0000",
            "layers": [],
            "logging_config": [
              {
                "application_log_level": "",
                "log_format": "Text",
                "log_group": "/aws/lambda/update_item_lambda",
                "system_log_level": ""
              }
            ],
            "memory_size": 128,
            "package_type": "Zip",
            "publish": false,
            "qualified_arn": "arn:aws:lambda:sa-east-1:222964728011:function:update_item_lambda:$LATEST",
            "qualified_invoke_arn": "arn:aws:apigateway:sa-east-1:lambda:path/2015-03-31/functions/arn:aws:lambda:sa-east-1:222964728011:function:update_item_lambda:$LATEST/invocations",
            "region": "sa-east-1",
            "replace_security_groups_on_destroy": null,
            "replacement_security_group_ids": null,
            "reserved_concurrent_executions": -1,
            "role": "arn:aws:iam::222964728011:role/lambda_api_role",
            "runtime": "python3.9",
            "s3_bucket": null,
            "s3_key": null,
            "s3_object_version": null,
            "signing_job_arn": "",
            "signing_profile_version_arn": "",
            "skip_destroy": false,
            "snap_start": [],
            "source_code_hash": "bGRn2n1xjxkoettGgXOSO5/6EdKx+OzqM6zW8mktn6I=",
            "source_code_size": 947,
            "source_kms_key_arn": "",
            "tags": {},
            "tags_all": {},
            "timeout": 3,
            "timeouts": null,
            "tracing_config": [
              {
                "mode": "PassThrough"
              }
            ],
            "version": "$LATEST",
            "vpc_config": []
          },
          "sensitive_attributes": [],
          "identity_schema_version": 0,
          "identity": {
            "account_id": "222964728011",
            "function_name": "update_item_lambda",
            "region": "sa-east-1"
          },
          "private": "eyJlMmJmYjczMC1lY2FhLTExZTYtOGY4OC0zNDM2M2JjN2M0YzAiOnsiY3JlYXRlIjo2MDAwMDAwMDAwMDAsImRlbGV0ZSI6NjAwMDAwMDAwMDAwLCJ1cGRhdGUiOjYwMDAwMDAwMDAwMH19",
          "dependencies": [
            "aws_dynamodb_table.todo_table",
            "aws_iam_role.lambda_api_role"
          ]
        }
      ]
    },
    {
      "mode": "managed",
      "type": "aws_lambda_function",
      "name": "update_list_lambda",
      "provider": "provider[\"registry.terraform.io/hashicorp/aws\"]",
      "instances": [
        {
          "schema_version": 0,
          "attributes": {
            "architectures": [
              "x86_64"
            ],
            "arn": "arn:aws:lambda:sa-east-1:222964728011:function:update_list_lambda",
            "code_sha256": "HRpwqwAhL0/cUC/XGXiUQ/jGwED9hfaJXQ+1CpSELtw=",
            "code_signing_config_arn": "",
            "dead_letter_config": [],
            "description": "",
            "environment": [
              {
                "variables": {
                  "DYNAMODB_TABLE": "todo-list-table"
                }
              }
            ],
            "ephemeral_storage": [
              {
                "size": 512
              }
            ],
            "file_system_config": [],
            "filename": "./update_list.zip",
            "function_name": "update_list_lambda",
            "handler": "update_list.lambda_handler",
            "id": "update_list_lambda",
            "image_config": [],
            "image_uri": "",
            "invoke_arn": "arn:aws:apigateway:sa-east-1:lambda:path/2015-03-31/functions/arn:aws:lambda:sa-east-1:222964728011:function:update_list_lambda/invocations",
            "kms_key_arn": "",
            "last_modified": "2025-10-15T00:39:31.000+0000",
            "layers": [],
            "logging_config": [
              {
                "application_log_level": "",
                "log_format": "Text",
                "log_group": "/aws/lambda/update_list_lambda",
                "system_log_level": ""
              }
            ],
            "memory_size": 128,
            "package_type": "Zip",
            "publish": false,
            "qualified_arn": "arn:aws:lambda:sa-east-1:222964728011:function:update_list_lambda:$LATEST",
            "qualified_invoke_arn": "arn:aws:apigateway:sa-east-1:lambda:path/2015-03-31/functions/arn:aws:lambda:sa-east-1:222964728011:function:update_list_lambda:$LATEST/invocations",
            "region": "sa-east-1",
            "replace_security_groups_on_destroy": null,
            "replacement_security_group_ids": null,
            "reserved_concurrent_executions": -1,
            "role": "arn:aws:iam::222964728011:role/lambda_api_role",
            "runtime": "python3.9",
            "s3_bucket": null,
            "s3_key": null,
            "s3_object_version": null,
            "signing_job_arn": "",
            "signing_profile_version_arn": "",
            "skip_destroy": false,
            "snap_start": [],
            "source_code_hash": "HRpwqwAhL0/cUC/XGXiUQ/jGwED9hfaJXQ+1CpSELtw=",
            "source_code_size": 766,
            "source_kms_key_arn": "",
            "tags": {},
            "tags_all": {},
            "timeout": 3,
            "timeouts": null,
            "tracing_config": [
              {
                "mode": "PassThrough"
              }
            ],
            "version": "$LATEST",
            "vpc_config": []
          },
          "sensitive_attributes": [],
          "identity_schema_version": 0,
          "identity": {
            "account_id": "222964728011",
            "function_name": "update_list_lambda",
            "region": "sa-east-1"
          },
          "private": "eyJlMmJmYjczMC1lY2FhLTExZTYtOGY4OC0zNDM2M2JjN2M0YzAiOnsiY3JlYXRlIjo2MDAwMDAwMDAwMDAsImRlbGV0ZSI6NjAwMDAwMDAwMDAwLCJ1cGRhdGUiOjYwMDAwMDAwMDAwMH19",
          "dependencies": [
            "aws_dynamodb_table.todo_table",
            "aws_iam_role.lambda_api_role"
          ]
        }
      ]
    },
    {
      "mode": "managed",
      "type": "aws_s3_bucket",
      "name": "csv_bucket",
      "provider": "provider[\"registry.terraform.io/hashicorp/aws\"]",
      "instances": [
        {
          "schema_version": 0,
          "attributes": {
            "acceleration_status": "",
            "acl": null,
            "arn": "arn:aws:s3:::todo-csv-bucket",
            "bucket": "todo-csv-bucket",
            "bucket_domain_name": "todo-csv-bucket.s3.amazonaws.com",
            "bucket_prefix": "",
            "bucket_region": "sa-east-1",
            "bucket_regional_domain_name": "todo-csv-bucket.s3.sa-east-1.amazonaws.com",
            "cors_rule": [],
            "force_destroy": true,
            "grant": [
              {
                "id": "8d5cbfbbaa948d6cebaf7975a11d118f1d416fdb9bc12759e2ed657b6430729e",
                "permissions": [
                  "FULL_CONTROL"
                ],
                "type": "CanonicalUser",
                "uri": ""
              }
            ],
            "hosted_zone_id": "Z7KQH4QJS55SO",
            "id": "todo-csv-bucket",
            "lifecycle_rule": [],
            "logging": [],
            "object_lock_configuration": [],
            "object_lock_enabled": false,
            "policy": "{\"Statement\":[{\"Action\":[\"s3:PutObject\",\"s3:GetObject\",\"s3:ListBucket\"],\"Effect\":\"Allow\",\"Principal\":{\"AWS\":\"arn:aws:iam::222964728011:role/lambda_api_role\"},\"Resource\":[\"arn:aws:s3:::todo-csv-bucket\",\"arn:aws:s3:::todo-csv-bucket/*\"],\"Sid\":\"AllowLambdaAccess\"}],\"Version\":\"2012-10-17\"}",
            "region": "sa-east-1",
            "replication_configuration": [],
            "request_payer": "BucketOwner",
            "server_side_encryption_configuration": [
              {
                "rule": [
                  {
                    "apply_server_side_encryption_by_default": [
                      {
                        "kms_master_key_id": "",
                        "sse_algorithm": "AES256"
                      }
                    ],
                    "bucket_key_enabled": false
                  }
                ]
              }
            ],
            "tags": {},
            "tags_all": {},
            "timeouts": null,
            "versioning": [
              {
                "enabled": false,
                "mfa_delete": false
              }
            ],
            "website": [],
            "website_domain": null,
            "website_endpoint": null
          },
          "sensitive_attributes": [],
          "identity_schema_version": 0,
          "identity": {
            "account_id": "222964728011",
            "bucket": "todo-csv-bucket",
            "region": "sa-east-1"
          },
          "private": "eyJlMmJmYjczMC1lY2FhLTExZTYtOGY4OC0zNDM2M2JjN2M0YzAiOnsiY3JlYXRlIjoxMjAwMDAwMDAwMDAwLCJkZWxldGUiOjM2MDAwMDAwMDAwMDAsInJlYWQiOjEyMDAwMDAwMDAwMDAsInVwZGF0ZSI6MTIwMDAwMDAwMDAwMH19"
        }
      ]
    },
    {
      "mode": "managed",
      "type": "aws_s3_bucket_policy",
      "name": "csv_bucket_policy",
      "provider": "provider[\"registry.terraform.io/hashicorp/aws\"]",
      "instances": [
        {
          "schema_version": 0,
          "attributes": {
            "bucket": "todo-csv-bucket",
            "id": "todo-csv-bucket",
            "policy": "{\"Statement\":[{\"Action\":[\"s3:PutObject\",\"s3:GetObject\",\"s3:ListBucket\"],\"Effect\":\"Allow\",\"Principal\":{\"AWS\":\"arn:aws:iam::222964728011:role/lambda_api_role\"},\"Resource\":[\"arn:aws:s3:::todo-csv-bucket\",\"arn:aws:s3:::todo-csv-bucket/*\"],\"Sid\":\"AllowLambdaAccess\"}],\"Version\":\"2012-10-17\"}",
            "region": "sa-east-1"
          },
          "sensitive_attributes": [],
          "identity_schema_version": 0,
          "identity": {
            "account_id": "222964728011",
            "bucket": "todo-csv-bucket",
            "region": "sa-east-1"
          },
          "private": "bnVsbA==",
          "dependencies": [
            "aws_iam_role.lambda_api_role",
            "aws_s3_bucket.csv_bucket"
          ]
        }
      ]
    },
    {
      "mode": "managed",
      "type": "aws_s3_bucket_public_access_block",
      "name": "csv_bucket_public_block",
      "provider": "provider[\"registry.terraform.io/hashicorp/aws\"]",
      "instances": [
        {
          "schema_version": 0,
          "attributes": {
            "block_public_acls": true,
            "block_public_policy": true,
            "bucket": "todo-csv-bucket",
            "id": "todo-csv-bucket",
            "ignore_public_acls": true,
            "region": "sa-east-1",
            "restrict_public_buckets": true,
            "skip_destroy": null
          },
          "sensitive_attributes": [],
          "identity_schema_version": 0,
          "identity": {
            "account_id": "222964728011",
            "bucket": "todo-csv-bucket",
            "region": "sa-east-1"
          },
          "private": "bnVsbA==",
          "dependencies": [
            "aws_s3_bucket.csv_bucket"
          ]
        }
      ]
    },
    {
      "mode": "managed",
      "type": "aws_s3_bucket_server_side_encryption_configuration",
      "name": "csv_bucket_encryption",
      "provider": "provider[\"registry.terraform.io/hashicorp/aws\"]",
      "instances": [
        {
          "schema_version": 0,
          "attributes": {
            "bucket": "todo-csv-bucket",
            "expected_bucket_owner": "",
            "id": "todo-csv-bucket",
            "region": "sa-east-1",
            "rule": [
              {
                "apply_server_side_encryption_by_default": [
                  {
                    "kms_master_key_id": "",
                    "sse_algorithm": "AES256"
                  }
                ],
                "bucket_key_enabled": false
              }
            ]
          },
          "sensitive_attributes": [],
          "identity_schema_version": 0,
          "identity": {
            "account_id": "222964728011",
            "bucket": "todo-csv-bucket",
            "expected_bucket_owner": null,
            "region": "sa-east-1"
          },
          "private": "bnVsbA==",
          "dependencies": [
            "aws_s3_bucket.csv_bucket"
          ]
        }
      ]
    },
    {
      "mode": "managed",
      "type": "aws_sqs_queue",
      "name": "request_queue",
      "provider": "provider[\"registry.terraform.io/hashicorp/aws\"]",
      "instances": [
        {
          "schema_version": 0,
          "attributes": {
            "arn": "arn:aws:sqs:sa-east-1:222964728011:user-request-queue",
            "content_based_deduplication": false,
            "deduplication_scope": "",
            "delay_seconds": 0,
            "fifo_queue": false,
            "fifo_throughput_limit": "",
            "id": "https://sqs.sa-east-1.amazonaws.com/222964728011/user-request-queue",
            "kms_data_key_reuse_period_seconds": 300,
            "kms_master_key_id": "",
            "max_message_size": 262144,
            "message_retention_seconds": 345600,
            "name": "user-request-queue",
            "name_prefix": "",
            "policy": "",
            "receive_wait_time_seconds": 0,
            "redrive_allow_policy": "",
            "redrive_policy": "",
            "region": "sa-east-1",
            "sqs_managed_sse_enabled": true,
            "tags": {},
            "tags_all": {},
            "timeouts": null,
            "url": "https://sqs.sa-east-1.amazonaws.com/222964728011/user-request-queue",
            "visibility_timeout_seconds": 30
          },
          "sensitive_attributes": [],
          "identity_schema_version": 0,
          "identity": {
            "account_id": "222964728011",
            "region": "sa-east-1",
            "url": "https://sqs.sa-east-1.amazonaws.com/222964728011/user-request-queue"
          },
          "private": "eyJlMmJmYjczMC1lY2FhLTExZTYtOGY4OC0zNDM2M2JjN2M0YzAiOnsiY3JlYXRlIjoxODAwMDAwMDAwMDAsImRlbGV0ZSI6MTgwMDAwMDAwMDAwLCJ1cGRhdGUiOjE4MDAwMDAwMDAwMH19"
        }
      ]
    },
    {
      "module": "module.api_gateway",
      "mode": "data",
      "type": "aws_region",
      "name": "current",
      "provider": "provider[\"registry.terraform.io/hashicorp/aws\"]",
      "instances": [
        {
          "schema_version": 0,
          "attributes": {
            "description": "South America (Sao Paulo)",
            "endpoint": "ec2.sa-east-1.amazonaws.com",
            "id": "sa-east-1",
            "name": "sa-east-1",
            "region": "sa-east-1"
          },
          "sensitive_attributes": [],
          "identity_schema_version": 0
        }
      ]
    },
    {
      "module": "module.api_gateway",
      "mode": "managed",
      "type": "aws_api_gateway_authorizer",
      "name": "cognito_authorizer",
      "provider": "provider[\"registry.terraform.io/hashicorp/aws\"]",
      "instances": [
        {
          "schema_version": 0,
          "attributes": {
            "arn": "arn:aws:apigateway:sa-east-1::/restapis/siiohfe14f/authorizers/eekp90",
            "authorizer_credentials": "",
            "authorizer_result_ttl_in_seconds": 300,
            "authorizer_uri": "",
            "id": "eekp90",
            "identity_source": "method.request.header.Authorization",
            "identity_validation_expression": "",
            "name": "CognitoUserPoolAuthorizer",
            "provider_arns": [
              "arn:aws:cognito-idp:sa-east-1:222964728011:userpool/sa-east-1_iXUiPVDuR"
            ],
            "region": "sa-east-1",
            "rest_api_id": "siiohfe14f",
            "type": "COGNITO_USER_POOLS"
          },
          "sensitive_attributes": [],
          "identity_schema_version": 0,
          "private": "bnVsbA==",
          "dependencies": [
            "module.api_gateway.aws_api_gateway_rest_api.todo_api",
            "module.cognito.aws_cognito_user_pool.user_pool"
          ]
        }
      ]
    },
    {
      "module": "module.api_gateway",
      "mode": "managed",
      "type": "aws_api_gateway_deployment",
      "name": "deployment",
      "provider": "provider[\"registry.terraform.io/hashicorp/aws\"]",
      "instances": [
        {
          "schema_version": 0,
          "attributes": {
            "created_date": "2025-10-31T01:00:27Z",
            "description": "",
            "id": "6mhij1",
            "region": "sa-east-1",
            "rest_api_id": "siiohfe14f",
            "triggers": {
              "redeploy": "807e34b7cd4e8de2ba6cd5a6cadc6d9a75d71811"
            },
            "variables": null
          },
          "sensitive_attributes": [],
          "identity_schema_version": 0,
          "private": "bnVsbA==",
          "dependencies": [
            "aws_dynamodb_table.todo_table",
            "aws_iam_role.lambda_api_role",
            "aws_lambda_function.create_item_lambda",
            "aws_lambda_function.create_list_lambda",
            "aws_lambda_function.delete_item_lambda",
            "aws_lambda_function.get_item_lambda",
            "aws_lambda_function.get_list_by_id_lambda",
            "aws_lambda_function.get_lists_lambda",
            "aws_lambda_function.get_request_lambda",
            "aws_lambda_function.post_request_lambda",
            "aws_lambda_function.update_item_lambda",
            "aws_lambda_function.update_list_lambda",
            "aws_sqs_queue.request_queue",
            "module.api_gateway.aws_api_gateway_authorizer.cognito_authorizer",
            "module.api_gateway.aws_api_gateway_integration.delete_items",
            "module.api_gateway.aws_api_gateway_integration.get_items",
            "module.api_gateway.aws_api_gateway_integration.get_list_by_id",
            "module.api_gateway.aws_api_gateway_integration.get_lists",
            "module.api_gateway.aws_api_gateway_integration.get_requests",
            "module.api_gateway.aws_api_gateway_integration.post_create",
            "module.api_gateway.aws_api_gateway_integration.post_items",
            "module.api_gateway.aws_api_gateway_integration.post_requests",
            "module.api_gateway.aws_api_gateway_integration.put_items",
            "module.api_gateway.aws_api_gateway_integration.put_list",
            "module.api_gateway.aws_api_gateway_method.delete_items",
            "module.api_gateway.aws_api_gateway_method.get_items",
            "module.api_gateway.aws_api_gateway_method.get_list_by_id",
            "module.api_gateway.aws_api_gateway_method.get_lists",
            "module.api_gateway.aws_api_gateway_method.get_requests",
            "module.api_gateway.aws_api_gateway_method.post_create",
            "module.api_gateway.aws_api_gateway_method.post_items",
            "module.api_gateway.aws_api_gateway_method.post_requests",
            "module.api_gateway.aws_api_gateway_method.put_items",
            "module.api_gateway.aws_api_gateway_method.put_list",
            "module.api_gateway.aws_api_gateway_resource.create",
            "module.api_gateway.aws_api_gateway_resource.items",
            "module.api_gateway.aws_api_gateway_resource.items_pk",
            "module.api_gateway.aws_api_gateway_resource.items_pk_sk",
            "module.api_gateway.aws_api_gateway_resource.list",
            "module.api_gateway.aws_api_gateway_resource.list_sk",
            "module.api_gateway.aws_api_gateway_resource.lists",
            "module.api_gateway.aws_api_gateway_resource.requests",
            "module.api_gateway.aws_api_gateway_rest_api.todo_api",
            "module.api_gateway.data.aws_region.current",
            "module.cognito.aws_cognito_user_pool.user_pool"
          ]
        }
      ]
    },
    {
      "module": "module.api_gateway",
      "mode": "managed",
      "type": "aws_api_gateway_integration",
      "name": "delete_items",
      "provider": "provider[\"registry.terraform.io/hashicorp/aws\"]",
      "instances": [
        {
          "schema_version": 0,
          "attributes": {
            "cache_key_parameters": [],
            "cache_namespace": "2v37jj",
            "connection_id": "",
            "connection_type": "INTERNET",
            "content_handling": "",
            "credentials": "",
            "http_method": "DELETE",
            "id": "agi-siiohfe14f-2v37jj-DELETE",
            "integration_http_method": "POST",
            "passthrough_behavior": "WHEN_NO_MATCH",
            "region": "sa-east-1",
            "request_parameters": {},
            "request_templates": {},
            "resource_id": "2v37jj",
            "rest_api_id": "siiohfe14f",
            "timeout_milliseconds": 29000,
            "tls_config": [],
            "type": "AWS_PROXY",
            "uri": "arn:aws:apigateway:sa-east-1:lambda:path/2015-03-31/functions/arn:aws:lambda:sa-east-1:222964728011:function:delete_item_lambda/invocations"
          },
          "sensitive_attributes": [],
          "identity_schema_version": 0,
          "private": "bnVsbA==",
          "dependencies": [
            "aws_dynamodb_table.todo_table",
            "aws_iam_role.lambda_api_role",
            "aws_lambda_function.delete_item_lambda",
            "module.api_gateway.aws_api_gateway_authorizer.cognito_authorizer",
            "module.api_gateway.aws_api_gateway_method.delete_items",
            "module.api_gateway.aws_api_gateway_resource.items",
            "module.api_gateway.aws_api_gateway_resource.items_pk",
            "module.api_gateway.aws_api_gateway_resource.items_pk_sk",
            "module.api_gateway.aws_api_gateway_rest_api.todo_api",
            "module.api_gateway.data.aws_region.current",
            "module.cognito.aws_cognito_user_pool.user_pool"
          ]
        }
      ]
    },
    {
      "module": "module.api_gateway",
      "mode": "managed",
      "type": "aws_api_gateway_integration",
      "name": "get_items",
      "provider": "provider[\"registry.terraform.io/hashicorp/aws\"]",
      "instances": [
        {
          "schema_version": 0,
          "attributes": {
            "cache_key_parameters": [],
            "cache_namespace": "azp0i5",
            "connection_id": "",
            "connection_type": "INTERNET",
            "content_handling": "",
            "credentials": "",
            "http_method": "GET",
            "id": "agi-siiohfe14f-azp0i5-GET",
            "integration_http_method": "POST",
            "passthrough_behavior": "WHEN_NO_MATCH",
            "region": "sa-east-1",
            "request_parameters": {},
            "request_templates": {},
            "resource_id": "azp0i5",
            "rest_api_id": "siiohfe14f",
            "timeout_milliseconds": 29000,
            "tls_config": [],
            "type": "AWS_PROXY",
            "uri": "arn:aws:apigateway:sa-east-1:lambda:path/2015-03-31/functions/arn:aws:lambda:sa-east-1:222964728011:function:get_item_lambda/invocations"
          },
          "sensitive_attributes": [],
          "identity_schema_version": 0,
          "private": "bnVsbA==",
          "dependencies": [
            "aws_dynamodb_table.todo_table",
            "aws_iam_role.lambda_api_role",
            "aws_lambda_function.get_item_lambda",
            "module.api_gateway.aws_api_gateway_authorizer.cognito_authorizer",
            "module.api_gateway.aws_api_gateway_method.get_items",
            "module.api_gateway.aws_api_gateway_resource.items",
            "module.api_gateway.aws_api_gateway_rest_api.todo_api",
            "module.api_gateway.data.aws_region.current",
            "module.cognito.aws_cognito_user_pool.user_pool"
          ]
        }
      ]
    },
    {
      "module": "module.api_gateway",
      "mode": "managed",
      "type": "aws_api_gateway_integration",
      "name": "get_list_by_id",
      "provider": "provider[\"registry.terraform.io/hashicorp/aws\"]",
      "instances": [
        {
          "schema_version": 0,
          "attributes": {
            "cache_key_parameters": [],
            "cache_namespace": "vgl7kg",
            "connection_id": "",
            "connection_type": "INTERNET",
            "content_handling": "",
            "credentials": "",
            "http_method": "GET",
            "id": "agi-siiohfe14f-vgl7kg-GET",
            "integration_http_method": "POST",
            "passthrough_behavior": "WHEN_NO_MATCH",
            "region": "sa-east-1",
            "request_parameters": {},
            "request_templates": {},
            "resource_id": "vgl7kg",
            "rest_api_id": "siiohfe14f",
            "timeout_milliseconds": 29000,
            "tls_config": [],
            "type": "AWS_PROXY",
            "uri": "arn:aws:apigateway:sa-east-1:lambda:path/2015-03-31/functions/arn:aws:lambda:sa-east-1:222964728011:function:get_list_by_id_lambda/invocations"
          },
          "sensitive_attributes": [],
          "identity_schema_version": 0,
          "private": "bnVsbA==",
          "dependencies": [
            "aws_dynamodb_table.todo_table",
            "aws_iam_role.lambda_api_role",
            "aws_lambda_function.get_list_by_id_lambda",
            "module.api_gateway.aws_api_gateway_authorizer.cognito_authorizer",
            "module.api_gateway.aws_api_gateway_method.get_list_by_id",
            "module.api_gateway.aws_api_gateway_resource.list",
            "module.api_gateway.aws_api_gateway_resource.list_sk",
            "module.api_gateway.aws_api_gateway_rest_api.todo_api",
            "module.api_gateway.data.aws_region.current",
            "module.cognito.aws_cognito_user_pool.user_pool"
          ]
        }
      ]
    },
    {
      "module": "module.api_gateway",
      "mode": "managed",
      "type": "aws_api_gateway_integration",
      "name": "get_lists",
      "provider": "provider[\"registry.terraform.io/hashicorp/aws\"]",
      "instances": [
        {
          "schema_version": 0,
          "attributes": {
            "cache_key_parameters": [],
            "cache_namespace": "kulhdy",
            "connection_id": "",
            "connection_type": "INTERNET",
            "content_handling": "",
            "credentials": "",
            "http_method": "GET",
            "id": "agi-siiohfe14f-kulhdy-GET",
            "integration_http_method": "POST",
            "passthrough_behavior": "WHEN_NO_MATCH",
            "region": "sa-east-1",
            "request_parameters": {},
            "request_templates": {},
            "resource_id": "kulhdy",
            "rest_api_id": "siiohfe14f",
            "timeout_milliseconds": 29000,
            "tls_config": [],
            "type": "AWS_PROXY",
            "uri": "arn:aws:apigateway:sa-east-1:lambda:path/2015-03-31/functions/arn:aws:lambda:sa-east-1:222964728011:function:get_lists_lambda/invocations"
          },
          "sensitive_attributes": [],
          "identity_schema_version": 0,
          "private": "bnVsbA==",
          "dependencies": [
            "aws_dynamodb_table.todo_table",
            "aws_iam_role.lambda_api_role",
            "aws_lambda_function.get_lists_lambda",
            "module.api_gateway.aws_api_gateway_authorizer.cognito_authorizer",
            "module.api_gateway.aws_api_gateway_method.get_lists",
            "module.api_gateway.aws_api_gateway_resource.lists",
            "module.api_gateway.aws_api_gateway_rest_api.todo_api",
            "module.api_gateway.data.aws_region.current",
            "module.cognito.aws_cognito_user_pool.user_pool"
          ]
        }
      ]
    },
    {
      "module": "module.api_gateway",
      "mode": "managed",
      "type": "aws_api_gateway_integration",
      "name": "get_requests",
      "provider": "provider[\"registry.terraform.io/hashicorp/aws\"]",
      "instances": [
        {
          "schema_version": 0,
          "attributes": {
            "cache_key_parameters": [],
            "cache_namespace": "njaxvj",
            "connection_id": "",
            "connection_type": "INTERNET",
            "content_handling": "",
            "credentials": "",
            "http_method": "GET",
            "id": "agi-siiohfe14f-njaxvj-GET",
            "integration_http_method": "POST",
            "passthrough_behavior": "WHEN_NO_MATCH",
            "region": "sa-east-1",
            "request_parameters": {},
            "request_templates": {},
            "resource_id": "njaxvj",
            "rest_api_id": "siiohfe14f",
            "timeout_milliseconds": 29000,
            "tls_config": [],
            "type": "AWS_PROXY",
            "uri": "arn:aws:apigateway:sa-east-1:lambda:path/2015-03-31/functions/arn:aws:lambda:sa-east-1:222964728011:function:get_request_lambda/invocations"
          },
          "sensitive_attributes": [],
          "identity_schema_version": 0,
          "private": "bnVsbA==",
          "dependencies": [
            "aws_iam_role.lambda_api_role",
            "aws_lambda_function.get_request_lambda",
            "aws_sqs_queue.request_queue",
            "module.api_gateway.aws_api_gateway_authorizer.cognito_authorizer",
            "module.api_gateway.aws_api_gateway_method.get_requests",
            "module.api_gateway.aws_api_gateway_resource.requests",
            "module.api_gateway.aws_api_gateway_rest_api.todo_api",
            "module.api_gateway.data.aws_region.current",
            "module.cognito.aws_cognito_user_pool.user_pool"
          ]
        }
      ]
    },
    {
      "module": "module.api_gateway",
      "mode": "managed",
      "type": "aws_api_gateway_integration",
      "name": "post_create",
      "provider": "provider[\"registry.terraform.io/hashicorp/aws\"]",
      "instances": [
        {
          "schema_version": 0,
          "attributes": {
            "cache_key_parameters": [],
            "cache_namespace": "170d58",
            "connection_id": "",
            "connection_type": "INTERNET",
            "content_handling": "",
            "credentials": "",
            "http_method": "POST",
            "id": "agi-siiohfe14f-170d58-POST",
            "integration_http_method": "POST",
            "passthrough_behavior": "WHEN_NO_MATCH",
            "region": "sa-east-1",
            "request_parameters": {},
            "request_templates": {},
            "resource_id": "170d58",
            "rest_api_id": "siiohfe14f",
            "timeout_milliseconds": 29000,
            "tls_config": [],
            "type": "AWS_PROXY",
            "uri": "arn:aws:apigateway:sa-east-1:lambda:path/2015-03-31/functions/arn:aws:lambda:sa-east-1:222964728011:function:create_list_lambda/invocations"
          },
          "sensitive_attributes": [],
          "identity_schema_version": 0,
          "private": "bnVsbA==",
          "dependencies": [
            "aws_dynamodb_table.todo_table",
            "aws_iam_role.lambda_api_role",
            "aws_lambda_function.create_list_lambda",
            "module.api_gateway.aws_api_gateway_authorizer.cognito_authorizer",
            "module.api_gateway.aws_api_gateway_method.post_create",
            "module.api_gateway.aws_api_gateway_resource.create",
            "module.api_gateway.aws_api_gateway_rest_api.todo_api",
            "module.api_gateway.data.aws_region.current",
            "module.cognito.aws_cognito_user_pool.user_pool"
          ]
        }
      ]
    },
    {
      "module": "module.api_gateway",
      "mode": "managed",
      "type": "aws_api_gateway_integration",
      "name": "post_items",
      "provider": "provider[\"registry.terraform.io/hashicorp/aws\"]",
      "instances": [
        {
          "schema_version": 0,
          "attributes": {
            "cache_key_parameters": [],
            "cache_namespace": "azp0i5",
            "connection_id": "",
            "connection_type": "INTERNET",
            "content_handling": "",
            "credentials": "",
            "http_method": "POST",
            "id": "agi-siiohfe14f-azp0i5-POST",
            "integration_http_method": "POST",
            "passthrough_behavior": "WHEN_NO_MATCH",
            "region": "sa-east-1",
            "request_parameters": {},
            "request_templates": {},
            "resource_id": "azp0i5",
            "rest_api_id": "siiohfe14f",
            "timeout_milliseconds": 29000,
            "tls_config": [],
            "type": "AWS_PROXY",
            "uri": "arn:aws:apigateway:sa-east-1:lambda:path/2015-03-31/functions/arn:aws:lambda:sa-east-1:222964728011:function:create_item_lambda/invocations"
          },
          "sensitive_attributes": [],
          "identity_schema_version": 0,
          "private": "bnVsbA==",
          "dependencies": [
            "aws_dynamodb_table.todo_table",
            "aws_iam_role.lambda_api_role",
            "aws_lambda_function.create_item_lambda",
            "module.api_gateway.aws_api_gateway_authorizer.cognito_authorizer",
            "module.api_gateway.aws_api_gateway_method.post_items",
            "module.api_gateway.aws_api_gateway_resource.items",
            "module.api_gateway.aws_api_gateway_rest_api.todo_api",
            "module.api_gateway.data.aws_region.current",
            "module.cognito.aws_cognito_user_pool.user_pool"
          ]
        }
      ]
    },
    {
      "module": "module.api_gateway",
      "mode": "managed",
      "type": "aws_api_gateway_integration",
      "name": "post_requests",
      "provider": "provider[\"registry.terraform.io/hashicorp/aws\"]",
      "instances": [
        {
          "schema_version": 0,
          "attributes": {
            "cache_key_parameters": [],
            "cache_namespace": "njaxvj",
            "connection_id": "",
            "connection_type": "INTERNET",
            "content_handling": "",
            "credentials": "",
            "http_method": "POST",
            "id": "agi-siiohfe14f-njaxvj-POST",
            "integration_http_method": "POST",
            "passthrough_behavior": "WHEN_NO_MATCH",
            "region": "sa-east-1",
            "request_parameters": {},
            "request_templates": {},
            "resource_id": "njaxvj",
            "rest_api_id": "siiohfe14f",
            "timeout_milliseconds": 29000,
            "tls_config": [],
            "type": "AWS_PROXY",
            "uri": "arn:aws:apigateway:sa-east-1:lambda:path/2015-03-31/functions/arn:aws:lambda:sa-east-1:222964728011:function:post_request_lambda/invocations"
          },
          "sensitive_attributes": [],
          "identity_schema_version": 0,
          "private": "bnVsbA==",
          "dependencies": [
            "aws_iam_role.lambda_api_role",
            "aws_lambda_function.post_request_lambda",
            "aws_sqs_queue.request_queue",
            "module.api_gateway.aws_api_gateway_authorizer.cognito_authorizer",
            "module.api_gateway.aws_api_gateway_method.post_requests",
            "module.api_gateway.aws_api_gateway_resource.requests",
            "module.api_gateway.aws_api_gateway_rest_api.todo_api",
            "module.api_gateway.data.aws_region.current",
            "module.cognito.aws_cognito_user_pool.user_pool"
          ]
        }
      ]
    },
    {
      "module": "module.api_gateway",
      "mode": "managed",
      "type": "aws_api_gateway_integration",
      "name": "put_items",
      "provider": "provider[\"registry.terraform.io/hashicorp/aws\"]",
      "instances": [
        {
          "schema_version": 0,
          "attributes": {
            "cache_key_parameters": [],
            "cache_namespace": "2v37jj",
            "connection_id": "",
            "connection_type": "INTERNET",
            "content_handling": "",
            "credentials": "",
            "http_method": "PUT",
            "id": "agi-siiohfe14f-2v37jj-PUT",
            "integration_http_method": "POST",
            "passthrough_behavior": "WHEN_NO_MATCH",
            "region": "sa-east-1",
            "request_parameters": {},
            "request_templates": {},
            "resource_id": "2v37jj",
            "rest_api_id": "siiohfe14f",
            "timeout_milliseconds": 29000,
            "tls_config": [],
            "type": "AWS_PROXY",
            "uri": "arn:aws:apigateway:sa-east-1:lambda:path/2015-03-31/functions/arn:aws:lambda:sa-east-1:222964728011:function:update_item_lambda/invocations"
          },
          "sensitive_attributes": [],
          "identity_schema_version": 0,
          "private": "bnVsbA==",
          "dependencies": [
            "aws_dynamodb_table.todo_table",
            "aws_iam_role.lambda_api_role",
            "aws_lambda_function.update_item_lambda",
            "module.api_gateway.aws_api_gateway_authorizer.cognito_authorizer",
            "module.api_gateway.aws_api_gateway_method.put_items",
            "module.api_gateway.aws_api_gateway_resource.items",
            "module.api_gateway.aws_api_gateway_resource.items_pk",
            "module.api_gateway.aws_api_gateway_resource.items_pk_sk",
            "module.api_gateway.aws_api_gateway_rest_api.todo_api",
            "module.api_gateway.data.aws_region.current",
            "module.cognito.aws_cognito_user_pool.user_pool"
          ]
        }
      ]
    },
    {
      "module": "module.api_gateway",
      "mode": "managed",
      "type": "aws_api_gateway_integration",
      "name": "put_list",
      "provider": "provider[\"registry.terraform.io/hashicorp/aws\"]",
      "instances": [
        {
          "schema_version": 0,
          "attributes": {
            "cache_key_parameters": [],
            "cache_namespace": "vgl7kg",
            "connection_id": "",
            "connection_type": "INTERNET",
            "content_handling": "",
            "credentials": "",
            "http_method": "PUT",
            "id": "agi-siiohfe14f-vgl7kg-PUT",
            "integration_http_method": "POST",
            "passthrough_behavior": "WHEN_NO_MATCH",
            "region": "sa-east-1",
            "request_parameters": {},
            "request_templates": {},
            "resource_id": "vgl7kg",
            "rest_api_id": "siiohfe14f",
            "timeout_milliseconds": 29000,
            "tls_config": [],
            "type": "AWS_PROXY",
            "uri": "arn:aws:apigateway:sa-east-1:lambda:path/2015-03-31/functions/arn:aws:lambda:sa-east-1:222964728011:function:update_list_lambda/invocations"
          },
          "sensitive_attributes": [],
          "identity_schema_version": 0,
          "private": "bnVsbA==",
          "dependencies": [
            "aws_dynamodb_table.todo_table",
            "aws_iam_role.lambda_api_role",
            "aws_lambda_function.update_list_lambda",
            "module.api_gateway.aws_api_gateway_authorizer.cognito_authorizer",
            "module.api_gateway.aws_api_gateway_method.put_list",
            "module.api_gateway.aws_api_gateway_resource.list",
            "module.api_gateway.aws_api_gateway_resource.list_sk",
            "module.api_gateway.aws_api_gateway_rest_api.todo_api",
            "module.api_gateway.data.aws_region.current",
            "module.cognito.aws_cognito_user_pool.user_pool"
          ]
        }
      ]
    },
    {
      "module": "module.api_gateway",
      "mode": "managed",
      "type": "aws_api_gateway_method",
      "name": "delete_items",
      "provider": "provider[\"registry.terraform.io/hashicorp/aws\"]",
      "instances": [
        {
          "schema_version": 0,
          "attributes": {
            "api_key_required": false,
            "authorization": "COGNITO_USER_POOLS",
            "authorization_scopes": [],
            "authorizer_id": "eekp90",
            "http_method": "DELETE",
            "id": "agm-siiohfe14f-2v37jj-DELETE",
            "operation_name": "",
            "region": "sa-east-1",
            "request_models": {},
            "request_parameters": {
              "method.request.path.pk": true,
              "method.request.path.sk": true
            },
            "request_validator_id": "",
            "resource_id": "2v37jj",
            "rest_api_id": "siiohfe14f"
          },
          "sensitive_attributes": [],
          "identity_schema_version": 0,
          "private": "bnVsbA==",
          "dependencies": [
            "module.api_gateway.aws_api_gateway_authorizer.cognito_authorizer",
            "module.api_gateway.aws_api_gateway_resource.items",
            "module.api_gateway.aws_api_gateway_resource.items_pk",
            "module.api_gateway.aws_api_gateway_resource.items_pk_sk",
            "module.api_gateway.aws_api_gateway_rest_api.todo_api",
            "module.cognito.aws_cognito_user_pool.user_pool"
          ]
        }
      ]
    },
    {
      "module": "module.api_gateway",
      "mode": "managed",
      "type": "aws_api_gateway_method",
      "name": "get_items",
      "provider": "provider[\"registry.terraform.io/hashicorp/aws\"]",
      "instances": [
        {
          "schema_version": 0,
          "attributes": {
            "api_key_required": false,
            "authorization": "COGNITO_USER_POOLS",
            "authorization_scopes": [],
            "authorizer_id": "eekp90",
            "http_method": "GET",
            "id": "agm-siiohfe14f-azp0i5-GET",
            "operation_name": "",
            "region": "sa-east-1",
            "request_models": {},
            "request_parameters": {},
            "request_validator_id": "",
            "resource_id": "azp0i5",
            "rest_api_id": "siiohfe14f"
          },
          "sensitive_attributes": [],
          "identity_schema_version": 0,
          "private": "bnVsbA==",
          "dependencies": [
            "module.api_gateway.aws_api_gateway_authorizer.cognito_authorizer",
            "module.api_gateway.aws_api_gateway_resource.items",
            "module.api_gateway.aws_api_gateway_rest_api.todo_api",
            "module.cognito.aws_cognito_user_pool.user_pool"
          ]
        }
      ]
    },
    {
      "module": "module.api_gateway",
      "mode": "managed",
      "type": "aws_api_gateway_method",
      "name": "get_list_by_id",
      "provider": "provider[\"registry.terraform.io/hashicorp/aws\"]",
      "instances": [
        {
          "schema_version": 0,
          "attributes": {
            "api_key_required": false,
            "authorization": "COGNITO_USER_POOLS",
            "authorization_scopes": [],
            "authorizer_id": "eekp90",
            "http_method": "GET",
            "id": "agm-siiohfe14f-vgl7kg-GET",
            "operation_name": "",
            "region": "sa-east-1",
            "request_models": {},
            "request_parameters": {
              "method.request.path.sk": true
            },
            "request_validator_id": "",
            "resource_id": "vgl7kg",
            "rest_api_id": "siiohfe14f"
          },
          "sensitive_attributes": [],
          "identity_schema_version": 0,
          "private": "bnVsbA==",
          "dependencies": [
            "module.api_gateway.aws_api_gateway_authorizer.cognito_authorizer",
            "module.api_gateway.aws_api_gateway_resource.list",
            "module.api_gateway.aws_api_gateway_resource.list_sk",
            "module.api_gateway.aws_api_gateway_rest_api.todo_api",
            "module.cognito.aws_cognito_user_pool.user_pool"
          ]
        }
      ]
    },
    {
      "module": "module.api_gateway",
      "mode": "managed",
      "type": "aws_api_gateway_method",
      "name": "get_lists",
      "provider": "provider[\"registry.terraform.io/hashicorp/aws\"]",
      "instances": [
        {
          "schema_version": 0,
          "attributes": {
            "api_key_required": false,
            "authorization": "COGNITO_USER_POOLS",
            "authorization_scopes": [],
            "authorizer_id": "eekp90",
            "http_method": "GET",
            "id": "agm-siiohfe14f-kulhdy-GET",
            "operation_name": "",
            "region": "sa-east-1",
            "request_models": {},
            "request_parameters": {},
            "request_validator_id": "",
            "resource_id": "kulhdy",
            "rest_api_id": "siiohfe14f"
          },
          "sensitive_attributes": [],
          "identity_schema_version": 0,
          "private": "bnVsbA==",
          "dependencies": [
            "module.api_gateway.aws_api_gateway_authorizer.cognito_authorizer",
            "module.api_gateway.aws_api_gateway_resource.lists",
            "module.api_gateway.aws_api_gateway_rest_api.todo_api",
            "module.cognito.aws_cognito_user_pool.user_pool"
          ]
        }
      ]
    },
    {
      "module": "module.api_gateway",
      "mode": "managed",
      "type": "aws_api_gateway_method",
      "name": "get_requests",
      "provider": "provider[\"registry.terraform.io/hashicorp/aws\"]",
      "instances": [
        {
          "schema_version": 0,
          "attributes": {
            "api_key_required": false,
            "authorization": "COGNITO_USER_POOLS",
            "authorization_scopes": [],
            "authorizer_id": "eekp90",
            "http_method": "GET",
            "id": "agm-siiohfe14f-njaxvj-GET",
            "operation_name": "",
            "region": "sa-east-1",
            "request_models": {},
            "request_parameters": {},
            "request_validator_id": "",
            "resource_id": "njaxvj",
            "rest_api_id": "siiohfe14f"
          },
          "sensitive_attributes": [],
          "identity_schema_version": 0,
          "private": "bnVsbA==",
          "dependencies": [
            "module.api_gateway.aws_api_gateway_authorizer.cognito_authorizer",
            "module.api_gateway.aws_api_gateway_resource.requests",
            "module.api_gateway.aws_api_gateway_rest_api.todo_api",
            "module.cognito.aws_cognito_user_pool.user_pool"
          ]
        }
      ]
    },
    {
      "module": "module.api_gateway",
      "mode": "managed",
      "type": "aws_api_gateway_method",
      "name": "post_create",
      "provider": "provider[\"registry.terraform.io/hashicorp/aws\"]",
      "instances": [
        {
          "schema_version": 0,
          "attributes": {
            "api_key_required": false,
            "authorization": "COGNITO_USER_POOLS",
            "authorization_scopes": [],
            "authorizer_id": "eekp90",
            "http_method": "POST",
            "id": "agm-siiohfe14f-170d58-POST",
            "operation_name": "",
            "region": "sa-east-1",
            "request_models": {},
            "request_parameters": {},
            "request_validator_id": "",
            "resource_id": "170d58",
            "rest_api_id": "siiohfe14f"
          },
          "sensitive_attributes": [],
          "identity_schema_version": 0,
          "private": "bnVsbA==",
          "dependencies": [
            "module.api_gateway.aws_api_gateway_authorizer.cognito_authorizer",
            "module.api_gateway.aws_api_gateway_resource.create",
            "module.api_gateway.aws_api_gateway_rest_api.todo_api",
            "module.cognito.aws_cognito_user_pool.user_pool"
          ]
        }
      ]
    },
    {
      "module": "module.api_gateway",
      "mode": "managed",
      "type": "aws_api_gateway_method",
      "name": "post_items",
      "provider": "provider[\"registry.terraform.io/hashicorp/aws\"]",
      "instances": [
        {
          "schema_version": 0,
          "attributes": {
            "api_key_required": false,
            "authorization": "COGNITO_USER_POOLS",
            "authorization_scopes": [],
            "authorizer_id": "eekp90",
            "http_method": "POST",
            "id": "agm-siiohfe14f-azp0i5-POST",
            "operation_name": "",
            "region": "sa-east-1",
            "request_models": {},
            "request_parameters": {},
            "request_validator_id": "",
            "resource_id": "azp0i5",
            "rest_api_id": "siiohfe14f"
          },
          "sensitive_attributes": [],
          "identity_schema_version": 0,
          "private": "bnVsbA==",
          "dependencies": [
            "module.api_gateway.aws_api_gateway_authorizer.cognito_authorizer",
            "module.api_gateway.aws_api_gateway_resource.items",
            "module.api_gateway.aws_api_gateway_rest_api.todo_api",
            "module.cognito.aws_cognito_user_pool.user_pool"
          ]
        }
      ]
    },
    {
      "module": "module.api_gateway",
      "mode": "managed",
      "type": "aws_api_gateway_method",
      "name": "post_requests",
      "provider": "provider[\"registry.terraform.io/hashicorp/aws\"]",
      "instances": [
        {
          "schema_version": 0,
          "attributes": {
            "api_key_required": false,
            "authorization": "COGNITO_USER_POOLS",
            "authorization_scopes": [],
            "authorizer_id": "eekp90",
            "http_method": "POST",
            "id": "agm-siiohfe14f-njaxvj-POST",
            "operation_name": "",
            "region": "sa-east-1",
            "request_models": {},
            "request_parameters": {},
            "request_validator_id": "",
            "resource_id": "njaxvj",
            "rest_api_id": "siiohfe14f"
          },
          "sensitive_attributes": [],
          "identity_schema_version": 0,
          "private": "bnVsbA==",
          "dependencies": [
            "module.api_gateway.aws_api_gateway_authorizer.cognito_authorizer",
            "module.api_gateway.aws_api_gateway_resource.requests",
            "module.api_gateway.aws_api_gateway_rest_api.todo_api",
            "module.cognito.aws_cognito_user_pool.user_pool"
          ]
        }
      ]
    },
    {
      "module": "module.api_gateway",
      "mode": "managed",
      "type": "aws_api_gateway_method",
      "name": "put_items",
      "provider": "provider[\"registry.terraform.io/hashicorp/aws\"]",
      "instances": [
        {
          "schema_version": 0,
          "attributes": {
            "api_key_required": false,
            "authorization": "COGNITO_USER_POOLS",
            "authorization_scopes": [],
            "authorizer_id": "eekp90",
            "http_method": "PUT",
            "id": "agm-siiohfe14f-2v37jj-PUT",
            "operation_name": "",
            "region": "sa-east-1",
            "request_models": {},
            "request_parameters": {
              "method.request.path.pk": true,
              "method.request.path.sk": true
            },
            "request_validator_id": "",
            "resource_id": "2v37jj",
            "rest_api_id": "siiohfe14f"
          },
          "sensitive_attributes": [],
          "identity_schema_version": 0,
          "private": "bnVsbA==",
          "dependencies": [
            "module.api_gateway.aws_api_gateway_authorizer.cognito_authorizer",
            "module.api_gateway.aws_api_gateway_resource.items",
            "module.api_gateway.aws_api_gateway_resource.items_pk",
            "module.api_gateway.aws_api_gateway_resource.items_pk_sk",
            "module.api_gateway.aws_api_gateway_rest_api.todo_api",
            "module.cognito.aws_cognito_user_pool.user_pool"
          ]
        }
      ]
    },
    {
      "module": "module.api_gateway",
      "mode": "managed",
      "type": "aws_api_gateway_method",
      "name": "put_list",
      "provider": "provider[\"registry.terraform.io/hashicorp/aws\"]",
      "instances": [
        {
          "schema_version": 0,
          "attributes": {
            "api_key_required": false,
            "authorization": "COGNITO_USER_POOLS",
            "authorization_scopes": [],
            "authorizer_id": "eekp90",
            "http_method": "PUT",
            "id": "agm-siiohfe14f-vgl7kg-PUT",
            "operation_name": "",
            "region": "sa-east-1",
            "request_models": {},
            "request_parameters": {
              "method.request.path.sk": true
            },
            "request_validator_id": "",
            "resource_id": "vgl7kg",
            "rest_api_id": "siiohfe14f"
          },
          "sensitive_attributes": [],
          "identity_schema_version": 0,
          "private": "bnVsbA==",
          "dependencies": [
            "module.api_gateway.aws_api_gateway_authorizer.cognito_authorizer",
            "module.api_gateway.aws_api_gateway_resource.list",
            "module.api_gateway.aws_api_gateway_resource.list_sk",
            "module.api_gateway.aws_api_gateway_rest_api.todo_api",
            "module.cognito.aws_cognito_user_pool.user_pool"
          ]
        }
      ]
    },
    {
      "module": "module.api_gateway",
      "mode": "managed",
      "type": "aws_api_gateway_resource",
      "name": "create",
      "provider": "provider[\"registry.terraform.io/hashicorp/aws\"]",
      "instances": [
        {
          "schema_version": 0,
          "attributes": {
            "id": "170d58",
            "parent_id": "q1teks0832",
            "path": "/create",
            "path_part": "create",
            "region": "sa-east-1",
            "rest_api_id": "siiohfe14f"
          },
          "sensitive_attributes": [],
          "identity_schema_version": 0,
          "private": "bnVsbA==",
          "dependencies": [
            "module.api_gateway.aws_api_gateway_rest_api.todo_api"
          ]
        }
      ]
    },
    {
      "module": "module.api_gateway",
      "mode": "managed",
      "type": "aws_api_gateway_resource",
      "name": "items",
      "provider": "provider[\"registry.terraform.io/hashicorp/aws\"]",
      "instances": [
        {
          "schema_version": 0,
          "attributes": {
            "id": "azp0i5",
            "parent_id": "q1teks0832",
            "path": "/items",
            "path_part": "items",
            "region": "sa-east-1",
            "rest_api_id": "siiohfe14f"
          },
          "sensitive_attributes": [],
          "identity_schema_version": 0,
          "private": "bnVsbA==",
          "dependencies": [
            "module.api_gateway.aws_api_gateway_rest_api.todo_api"
          ]
        }
      ]
    },
    {
      "module": "module.api_gateway",
      "mode": "managed",
      "type": "aws_api_gateway_resource",
      "name": "items_pk",
      "provider": "provider[\"registry.terraform.io/hashicorp/aws\"]",
      "instances": [
        {
          "schema_version": 0,
          "attributes": {
            "id": "xfymtt",
            "parent_id": "azp0i5",
            "path": "/items/{pk}",
            "path_part": "{pk}",
            "region": "sa-east-1",
            "rest_api_id": "siiohfe14f"
          },
          "sensitive_attributes": [],
          "identity_schema_version": 0,
          "private": "bnVsbA==",
          "dependencies": [
            "module.api_gateway.aws_api_gateway_resource.items",
            "module.api_gateway.aws_api_gateway_rest_api.todo_api"
          ]
        }
      ]
    },
    {
      "module": "module.api_gateway",
      "mode": "managed",
      "type": "aws_api_gateway_resource",
      "name": "items_pk_sk",
      "provider": "provider[\"registry.terraform.io/hashicorp/aws\"]",
      "instances": [
        {
          "schema_version": 0,
          "attributes": {
            "id": "2v37jj",
            "parent_id": "xfymtt",
            "path": "/items/{pk}/{sk}",
            "path_part": "{sk}",
            "region": "sa-east-1",
            "rest_api_id": "siiohfe14f"
          },
          "sensitive_attributes": [],
          "identity_schema_version": 0,
          "private": "bnVsbA==",
          "dependencies": [
            "module.api_gateway.aws_api_gateway_resource.items",
            "module.api_gateway.aws_api_gateway_resource.items_pk",
            "module.api_gateway.aws_api_gateway_rest_api.todo_api"
          ]
        }
      ]
    },
    {
      "module": "module.api_gateway",
      "mode": "managed",
      "type": "aws_api_gateway_resource",
      "name": "list",
      "provider": "provider[\"registry.terraform.io/hashicorp/aws\"]",
      "instances": [
        {
          "schema_version": 0,
          "attributes": {
            "id": "2nz8j4",
            "parent_id": "q1teks0832",
            "path": "/list",
            "path_part": "list",
            "region": "sa-east-1",
            "rest_api_id": "siiohfe14f"
          },
          "sensitive_attributes": [],
          "identity_schema_version": 0,
          "private": "bnVsbA==",
          "dependencies": [
            "module.api_gateway.aws_api_gateway_rest_api.todo_api"
          ]
        }
      ]
    },
    {
      "module": "module.api_gateway",
      "mode": "managed",
      "type": "aws_api_gateway_resource",
      "name": "list_sk",
      "provider": "provider[\"registry.terraform.io/hashicorp/aws\"]",
      "instances": [
        {
          "schema_version": 0,
          "attributes": {
            "id": "vgl7kg",
            "parent_id": "2nz8j4",
            "path": "/list/{sk}",
            "path_part": "{sk}",
            "region": "sa-east-1",
            "rest_api_id": "siiohfe14f"
          },
          "sensitive_attributes": [],
          "identity_schema_version": 0,
          "private": "bnVsbA==",
          "dependencies": [
            "module.api_gateway.aws_api_gateway_resource.list",
            "module.api_gateway.aws_api_gateway_rest_api.todo_api"
          ]
        }
      ]
    },
    {
      "module": "module.api_gateway",
      "mode": "managed",
      "type": "aws_api_gateway_resource",
      "name": "lists",
      "provider": "provider[\"registry.terraform.io/hashicorp/aws\"]",
      "instances": [
        {
          "schema_version": 0,
          "attributes": {
            "id": "kulhdy",
            "parent_id": "q1teks0832",
            "path": "/lists",
            "path_part": "lists",
            "region": "sa-east-1",
            "rest_api_id": "siiohfe14f"
          },
          "sensitive_attributes": [],
          "identity_schema_version": 0,
          "private": "bnVsbA==",
          "dependencies": [
            "module.api_gateway.aws_api_gateway_rest_api.todo_api"
          ]
        }
      ]
    },
    {
      "module": "module.api_gateway",
      "mode": "managed",
      "type": "aws_api_gateway_resource",
      "name": "requests",
      "provider": "provider[\"registry.terraform.io/hashicorp/aws\"]",
      "instances": [
        {
          "schema_version": 0,
          "attributes": {
            "id": "njaxvj",
            "parent_id": "q1teks0832",
            "path": "/requests",
            "path_part": "requests",
            "region": "sa-east-1",
            "rest_api_id": "siiohfe14f"
          },
          "sensitive_attributes": [],
          "identity_schema_version": 0,
          "private": "bnVsbA==",
          "dependencies": [
            "module.api_gateway.aws_api_gateway_rest_api.todo_api"
          ]
        }
      ]
    },
    {
      "module": "module.api_gateway",
      "mode": "managed",
      "type": "aws_api_gateway_rest_api",
      "name": "todo_api",
      "provider": "provider[\"registry.terraform.io/hashicorp/aws\"]",
      "instances": [
        {
          "schema_version": 0,
          "attributes": {
            "api_key_source": "HEADER",
            "arn": "arn:aws:apigateway:sa-east-1::/restapis/siiohfe14f",
            "binary_media_types": [],
            "body": null,
            "created_date": "2025-10-14T23:39:07Z",
            "description": "API Gateway para o projeto ToDo List",
            "disable_execute_api_endpoint": false,
            "endpoint_configuration": [
              {
                "ip_address_type": "ipv4",
                "types": [
                  "EDGE"
                ],
                "vpc_endpoint_ids": []
              }
            ],
            "execution_arn": "arn:aws:execute-api:sa-east-1:222964728011:siiohfe14f",
            "fail_on_warnings": null,
            "id": "siiohfe14f",
            "minimum_compression_size": "",
            "name": "todo-api",
            "parameters": null,
            "policy": "",
            "put_rest_api_mode": null,
            "region": "sa-east-1",
            "root_resource_id": "q1teks0832",
            "tags": {},
            "tags_all": {}
          },
          "sensitive_attributes": [],
          "identity_schema_version": 0,
          "private": "bnVsbA=="
        }
      ]
    },
    {
      "module": "module.api_gateway",
      "mode": "managed",
      "type": "aws_api_gateway_stage",
      "name": "prod",
      "provider": "provider[\"registry.terraform.io/hashicorp/aws\"]",
      "instances": [
        {
          "schema_version": 0,
          "attributes": {
            "access_log_settings": [],
            "arn": "arn:aws:apigateway:sa-east-1::/restapis/siiohfe14f/stages/prod",
            "cache_cluster_enabled": false,
            "cache_cluster_size": "",
            "canary_settings": [],
            "client_certificate_id": "",
            "deployment_id": "6mhij1",
            "description": "",
            "documentation_version": "",
            "execution_arn": "arn:aws:execute-api:sa-east-1:222964728011:siiohfe14f/prod",
            "id": "ags-siiohfe14f-prod",
            "invoke_url": "https://siiohfe14f.execute-api.sa-east-1.amazonaws.com/prod",
            "region": "sa-east-1",
            "rest_api_id": "siiohfe14f",
            "stage_name": "prod",
            "tags": {},
            "tags_all": {},
            "variables": {},
            "web_acl_arn": "",
            "xray_tracing_enabled": false
          },
          "sensitive_attributes": [],
          "identity_schema_version": 0,
          "private": "bnVsbA==",
          "dependencies": [
            "aws_dynamodb_table.todo_table",
            "aws_iam_role.lambda_api_role",
            "aws_lambda_function.create_item_lambda",
            "aws_lambda_function.create_list_lambda",
            "aws_lambda_function.delete_item_lambda",
            "aws_lambda_function.get_item_lambda",
            "aws_lambda_function.get_list_by_id_lambda",
            "aws_lambda_function.get_lists_lambda",
            "aws_lambda_function.get_request_lambda",
            "aws_lambda_function.post_request_lambda",
            "aws_lambda_function.update_item_lambda",
            "aws_lambda_function.update_list_lambda",
            "aws_sqs_queue.request_queue",
            "module.api_gateway.aws_api_gateway_authorizer.cognito_authorizer",
            "module.api_gateway.aws_api_gateway_deployment.deployment",
            "module.api_gateway.aws_api_gateway_integration.delete_items",
            "module.api_gateway.aws_api_gateway_integration.get_items",
            "module.api_gateway.aws_api_gateway_integration.get_list_by_id",
            "module.api_gateway.aws_api_gateway_integration.get_lists",
            "module.api_gateway.aws_api_gateway_integration.get_requests",
            "module.api_gateway.aws_api_gateway_integration.post_create",
            "module.api_gateway.aws_api_gateway_integration.post_items",
            "module.api_gateway.aws_api_gateway_integration.post_requests",
            "module.api_gateway.aws_api_gateway_integration.put_items",
            "module.api_gateway.aws_api_gateway_integration.put_list",
            "module.api_gateway.aws_api_gateway_method.delete_items",
            "module.api_gateway.aws_api_gateway_method.get_items",
            "module.api_gateway.aws_api_gateway_method.get_list_by_id",
            "module.api_gateway.aws_api_gateway_method.get_lists",
            "module.api_gateway.aws_api_gateway_method.get_requests",
            "module.api_gateway.aws_api_gateway_method.post_create",
            "module.api_gateway.aws_api_gateway_method.post_items",
            "module.api_gateway.aws_api_gateway_method.post_requests",
            "module.api_gateway.aws_api_gateway_method.put_items",
            "module.api_gateway.aws_api_gateway_method.put_list",
            "module.api_gateway.aws_api_gateway_resource.create",
            "module.api_gateway.aws_api_gateway_resource.items",
            "module.api_gateway.aws_api_gateway_resource.items_pk",
            "module.api_gateway.aws_api_gateway_resource.items_pk_sk",
            "module.api_gateway.aws_api_gateway_resource.list",
            "module.api_gateway.aws_api_gateway_resource.list_sk",
            "module.api_gateway.aws_api_gateway_resource.lists",
            "module.api_gateway.aws_api_gateway_resource.requests",
            "module.api_gateway.aws_api_gateway_rest_api.todo_api",
            "module.api_gateway.data.aws_region.current",
            "module.cognito.aws_cognito_user_pool.user_pool"
          ]
        }
      ]
    },
    {
      "module": "module.api_gateway",
      "mode": "managed",
      "type": "aws_lambda_permission",
      "name": "delete_items",
      "provider": "provider[\"registry.terraform.io/hashicorp/aws\"]",
      "instances": [
        {
          "schema_version": 0,
          "attributes": {
            "action": "lambda:InvokeFunction",
            "event_source_token": null,
            "function_name": "delete_item_lambda",
            "function_url_auth_type": null,
            "id": "AllowDeleteItems",
            "principal": "apigateway.amazonaws.com",
            "principal_org_id": null,
            "qualifier": "",
            "region": "sa-east-1",
            "source_account": null,
            "source_arn": "arn:aws:execute-api:sa-east-1:222964728011:siiohfe14f/*/*",
            "statement_id": "AllowDeleteItems",
            "statement_id_prefix": ""
          },
          "sensitive_attributes": [],
          "identity_schema_version": 0,
          "identity": {
            "account_id": "222964728011",
            "function_name": "delete_item_lambda",
            "qualifier": null,
            "region": "sa-east-1",
            "statement_id": "AllowDeleteItems"
          },
          "private": "bnVsbA==",
          "dependencies": [
            "aws_dynamodb_table.todo_table",
            "aws_iam_role.lambda_api_role",
            "aws_lambda_function.delete_item_lambda",
            "module.api_gateway.aws_api_gateway_rest_api.todo_api"
          ]
        }
      ]
    },
    {
      "module": "module.api_gateway",
      "mode": "managed",
      "type": "aws_lambda_permission",
      "name": "get_items",
      "provider": "provider[\"registry.terraform.io/hashicorp/aws\"]",
      "instances": [
        {
          "schema_version": 0,
          "attributes": {
            "action": "lambda:InvokeFunction",
            "event_source_token": null,
            "function_name": "get_item_lambda",
            "function_url_auth_type": null,
            "id": "AllowGetItems",
            "principal": "apigateway.amazonaws.com",
            "principal_org_id": null,
            "qualifier": "",
            "region": "sa-east-1",
            "source_account": null,
            "source_arn": "arn:aws:execute-api:sa-east-1:222964728011:siiohfe14f/*/*",
            "statement_id": "AllowGetItems",
            "statement_id_prefix": ""
          },
          "sensitive_attributes": [],
          "identity_schema_version": 0,
          "identity": {
            "account_id": "222964728011",
            "function_name": "get_item_lambda",
            "qualifier": null,
            "region": "sa-east-1",
            "statement_id": "AllowGetItems"
          },
          "private": "bnVsbA==",
          "dependencies": [
            "aws_dynamodb_table.todo_table",
            "aws_iam_role.lambda_api_role",
            "aws_lambda_function.get_item_lambda",
            "module.api_gateway.aws_api_gateway_rest_api.todo_api"
          ]
        }
      ]
    },
    {
      "module": "module.api_gateway",
      "mode": "managed",
      "type": "aws_lambda_permission",
      "name": "get_list_by_id",
      "provider": "provider[\"registry.terraform.io/hashicorp/aws\"]",
      "instances": [
        {
          "schema_version": 0,
          "attributes": {
            "action": "lambda:InvokeFunction",
            "event_source_token": null,
            "function_name": "get_list_by_id_lambda",
            "function_url_auth_type": null,
            "id": "AllowGetListById",
            "principal": "apigateway.amazonaws.com",
            "principal_org_id": null,
            "qualifier": "",
            "region": "sa-east-1",
            "source_account": null,
            "source_arn": "arn:aws:execute-api:sa-east-1:222964728011:siiohfe14f/*/*",
            "statement_id": "AllowGetListById",
            "statement_id_prefix": ""
          },
          "sensitive_attributes": [],
          "identity_schema_version": 0,
          "identity": {
            "account_id": "222964728011",
            "function_name": "get_list_by_id_lambda",
            "qualifier": null,
            "region": "sa-east-1",
            "statement_id": "AllowGetListById"
          },
          "private": "bnVsbA==",
          "dependencies": [
            "aws_dynamodb_table.todo_table",
            "aws_iam_role.lambda_api_role",
            "aws_lambda_function.get_list_by_id_lambda",
            "module.api_gateway.aws_api_gateway_rest_api.todo_api"
          ]
        }
      ]
    },
    {
      "module": "module.api_gateway",
      "mode": "managed",
      "type": "aws_lambda_permission",
      "name": "get_lists",
      "provider": "provider[\"registry.terraform.io/hashicorp/aws\"]",
      "instances": [
        {
          "schema_version": 0,
          "attributes": {
            "action": "lambda:InvokeFunction",
            "event_source_token": null,
            "function_name": "get_lists_lambda",
            "function_url_auth_type": null,
            "id": "AllowGetLists",
            "principal": "apigateway.amazonaws.com",
            "principal_org_id": null,
            "qualifier": "",
            "region": "sa-east-1",
            "source_account": null,
            "source_arn": "arn:aws:execute-api:sa-east-1:222964728011:siiohfe14f/*/*",
            "statement_id": "AllowGetLists",
            "statement_id_prefix": ""
          },
          "sensitive_attributes": [],
          "identity_schema_version": 0,
          "identity": {
            "account_id": "222964728011",
            "function_name": "get_lists_lambda",
            "qualifier": null,
            "region": "sa-east-1",
            "statement_id": "AllowGetLists"
          },
          "private": "bnVsbA==",
          "dependencies": [
            "aws_dynamodb_table.todo_table",
            "aws_iam_role.lambda_api_role",
            "aws_lambda_function.get_lists_lambda",
            "module.api_gateway.aws_api_gateway_rest_api.todo_api"
          ]
        }
      ]
    },
    {
      "module": "module.api_gateway",
      "mode": "managed",
      "type": "aws_lambda_permission",
      "name": "get_requests",
      "provider": "provider[\"registry.terraform.io/hashicorp/aws\"]",
      "instances": [
        {
          "schema_version": 0,
          "attributes": {
            "action": "lambda:InvokeFunction",
            "event_source_token": null,
            "function_name": "get_request_lambda",
            "function_url_auth_type": null,
            "id": "AllowGetRequests",
            "principal": "apigateway.amazonaws.com",
            "principal_org_id": null,
            "qualifier": "",
            "region": "sa-east-1",
            "source_account": null,
            "source_arn": "arn:aws:execute-api:sa-east-1:222964728011:siiohfe14f/*/*",
            "statement_id": "AllowGetRequests",
            "statement_id_prefix": ""
          },
          "sensitive_attributes": [],
          "identity_schema_version": 0,
          "identity": {
            "account_id": "222964728011",
            "function_name": "get_request_lambda",
            "qualifier": null,
            "region": "sa-east-1",
            "statement_id": "AllowGetRequests"
          },
          "private": "bnVsbA==",
          "dependencies": [
            "aws_iam_role.lambda_api_role",
            "aws_lambda_function.get_request_lambda",
            "aws_sqs_queue.request_queue",
            "module.api_gateway.aws_api_gateway_rest_api.todo_api"
          ]
        }
      ]
    },
    {
      "module": "module.api_gateway",
      "mode": "managed",
      "type": "aws_lambda_permission",
      "name": "post_create",
      "provider": "provider[\"registry.terraform.io/hashicorp/aws\"]",
      "instances": [
        {
          "schema_version": 0,
          "attributes": {
            "action": "lambda:InvokeFunction",
            "event_source_token": null,
            "function_name": "create_list_lambda",
            "function_url_auth_type": null,
            "id": "AllowPostCreate",
            "principal": "apigateway.amazonaws.com",
            "principal_org_id": null,
            "qualifier": "",
            "region": "sa-east-1",
            "source_account": null,
            "source_arn": "arn:aws:execute-api:sa-east-1:222964728011:siiohfe14f/*/*",
            "statement_id": "AllowPostCreate",
            "statement_id_prefix": ""
          },
          "sensitive_attributes": [],
          "identity_schema_version": 0,
          "identity": {
            "account_id": "222964728011",
            "function_name": "create_list_lambda",
            "qualifier": null,
            "region": "sa-east-1",
            "statement_id": "AllowPostCreate"
          },
          "private": "bnVsbA==",
          "dependencies": [
            "aws_dynamodb_table.todo_table",
            "aws_iam_role.lambda_api_role",
            "aws_lambda_function.create_list_lambda",
            "module.api_gateway.aws_api_gateway_rest_api.todo_api"
          ]
        }
      ]
    },
    {
      "module": "module.api_gateway",
      "mode": "managed",
      "type": "aws_lambda_permission",
      "name": "post_items",
      "provider": "provider[\"registry.terraform.io/hashicorp/aws\"]",
      "instances": [
        {
          "schema_version": 0,
          "attributes": {
            "action": "lambda:InvokeFunction",
            "event_source_token": null,
            "function_name": "create_item_lambda",
            "function_url_auth_type": null,
            "id": "AllowPostItems",
            "principal": "apigateway.amazonaws.com",
            "principal_org_id": null,
            "qualifier": "",
            "region": "sa-east-1",
            "source_account": null,
            "source_arn": "arn:aws:execute-api:sa-east-1:222964728011:siiohfe14f/*/*",
            "statement_id": "AllowPostItems",
            "statement_id_prefix": ""
          },
          "sensitive_attributes": [],
          "identity_schema_version": 0,
          "identity": {
            "account_id": "222964728011",
            "function_name": "create_item_lambda",
            "qualifier": null,
            "region": "sa-east-1",
            "statement_id": "AllowPostItems"
          },
          "private": "bnVsbA==",
          "dependencies": [
            "aws_dynamodb_table.todo_table",
            "aws_iam_role.lambda_api_role",
            "aws_lambda_function.create_item_lambda",
            "module.api_gateway.aws_api_gateway_rest_api.todo_api"
          ]
        }
      ]
    },
    {
      "module": "module.api_gateway",
      "mode": "managed",
      "type": "aws_lambda_permission",
      "name": "post_requests",
      "provider": "provider[\"registry.terraform.io/hashicorp/aws\"]",
      "instances": [
        {
          "schema_version": 0,
          "attributes": {
            "action": "lambda:InvokeFunction",
            "event_source_token": null,
            "function_name": "post_request_lambda",
            "function_url_auth_type": null,
            "id": "AllowPostRequests",
            "principal": "apigateway.amazonaws.com",
            "principal_org_id": null,
            "qualifier": "",
            "region": "sa-east-1",
            "source_account": null,
            "source_arn": "arn:aws:execute-api:sa-east-1:222964728011:siiohfe14f/*/*",
            "statement_id": "AllowPostRequests",
            "statement_id_prefix": ""
          },
          "sensitive_attributes": [],
          "identity_schema_version": 0,
          "identity": {
            "account_id": "222964728011",
            "function_name": "post_request_lambda",
            "qualifier": null,
            "region": "sa-east-1",
            "statement_id": "AllowPostRequests"
          },
          "private": "bnVsbA==",
          "dependencies": [
            "aws_iam_role.lambda_api_role",
            "aws_lambda_function.post_request_lambda",
            "aws_sqs_queue.request_queue",
            "module.api_gateway.aws_api_gateway_rest_api.todo_api"
          ]
        }
      ]
    },
    {
      "module": "module.api_gateway",
      "mode": "managed",
      "type": "aws_lambda_permission",
      "name": "put_items",
      "provider": "provider[\"registry.terraform.io/hashicorp/aws\"]",
      "instances": [
        {
          "schema_version": 0,
          "attributes": {
            "action": "lambda:InvokeFunction",
            "event_source_token": null,
            "function_name": "update_item_lambda",
            "function_url_auth_type": null,
            "id": "AllowPutItems",
            "principal": "apigateway.amazonaws.com",
            "principal_org_id": null,
            "qualifier": "",
            "region": "sa-east-1",
            "source_account": null,
            "source_arn": "arn:aws:execute-api:sa-east-1:222964728011:siiohfe14f/*/*",
            "statement_id": "AllowPutItems",
            "statement_id_prefix": ""
          },
          "sensitive_attributes": [],
          "identity_schema_version": 0,
          "identity": {
            "account_id": "222964728011",
            "function_name": "update_item_lambda",
            "qualifier": null,
            "region": "sa-east-1",
            "statement_id": "AllowPutItems"
          },
          "private": "bnVsbA==",
          "dependencies": [
            "aws_dynamodb_table.todo_table",
            "aws_iam_role.lambda_api_role",
            "aws_lambda_function.update_item_lambda",
            "module.api_gateway.aws_api_gateway_rest_api.todo_api"
          ]
        }
      ]
    },
    {
      "module": "module.api_gateway",
      "mode": "managed",
      "type": "aws_lambda_permission",
      "name": "put_list",
      "provider": "provider[\"registry.terraform.io/hashicorp/aws\"]",
      "instances": [
        {
          "schema_version": 0,
          "attributes": {
            "action": "lambda:InvokeFunction",
            "event_source_token": null,
            "function_name": "update_list_lambda",
            "function_url_auth_type": null,
            "id": "AllowPutList",
            "principal": "apigateway.amazonaws.com",
            "principal_org_id": null,
            "qualifier": "",
            "region": "sa-east-1",
            "source_account": null,
            "source_arn": "arn:aws:execute-api:sa-east-1:222964728011:siiohfe14f/*/*",
            "statement_id": "AllowPutList",
            "statement_id_prefix": ""
          },
          "sensitive_attributes": [],
          "identity_schema_version": 0,
          "identity": {
            "account_id": "222964728011",
            "function_name": "update_list_lambda",
            "qualifier": null,
            "region": "sa-east-1",
            "statement_id": "AllowPutList"
          },
          "private": "bnVsbA==",
          "dependencies": [
            "aws_dynamodb_table.todo_table",
            "aws_iam_role.lambda_api_role",
            "aws_lambda_function.update_list_lambda",
            "module.api_gateway.aws_api_gateway_rest_api.todo_api"
          ]
        }
      ]
    },
    {
      "module": "module.cognito",
      "mode": "managed",
      "type": "aws_cognito_user_pool",
      "name": "user_pool",
      "provider": "provider[\"registry.terraform.io/hashicorp/aws\"]",
      "instances": [
        {
          "schema_version": 0,
          "attributes": {
            "account_recovery_setting": [
              {
                "recovery_mechanism": [
                  {
                    "name": "verified_email",
                    "priority": 1
                  },
                  {
                    "name": "verified_phone_number",
                    "priority": 2
                  }
                ]
              }
            ],
            "admin_create_user_config": [
              {
                "allow_admin_create_user_only": false,
                "invite_message_template": []
              }
            ],
            "alias_attributes": null,
            "arn": "arn:aws:cognito-idp:sa-east-1:222964728011:userpool/sa-east-1_iXUiPVDuR",
            "auto_verified_attributes": [
              "email"
            ],
            "creation_date": "2025-10-14T23:39:07Z",
            "custom_domain": "",
            "deletion_protection": "INACTIVE",
            "device_configuration": [],
            "domain": "",
            "email_configuration": [
              {
                "configuration_set": "",
                "email_sending_account": "COGNITO_DEFAULT",
                "from_email_address": "",
                "reply_to_email_address": "",
                "source_arn": ""
              }
            ],
            "email_mfa_configuration": [],
            "email_verification_message": "",
            "email_verification_subject": "",
            "endpoint": "cognito-idp.sa-east-1.amazonaws.com/sa-east-1_iXUiPVDuR",
            "estimated_number_of_users": 1,
            "id": "sa-east-1_iXUiPVDuR",
            "lambda_config": [],
            "last_modified_date": "2025-10-14T23:39:07Z",
            "mfa_configuration": "OFF",
            "name": "todo-user-pool",
            "password_policy": [
              {
                "minimum_length": 8,
                "password_history_size": 0,
                "require_lowercase": true,
                "require_numbers": true,
                "require_symbols": false,
                "require_uppercase": true,
                "temporary_password_validity_days": 7
              }
            ],
            "region": "sa-east-1",
            "schema": [],
            "sign_in_policy": [
              {
                "allowed_first_auth_factors": [
                  "PASSWORD"
                ]
              }
            ],
            "sms_authentication_message": "",
            "sms_configuration": [],
            "sms_verification_message": "",
            "software_token_mfa_configuration": [],
            "tags": {},
            "tags_all": {},
            "user_attribute_update_settings": [],
            "user_pool_add_ons": [],
            "user_pool_tier": "ESSENTIALS",
            "username_attributes": [],
            "username_configuration": [],
            "verification_message_template": [
              {
                "default_email_option": "CONFIRM_WITH_CODE",
                "email_message": "",
                "email_message_by_link": "",
                "email_subject": "",
                "email_subject_by_link": "",
                "sms_message": ""
              }
            ],
            "web_authn_configuration": []
          },
          "sensitive_attributes": [],
          "identity_schema_version": 0,
          "private": "bnVsbA=="
        }
      ]
    },
    {
      "module": "module.cognito",
      "mode": "managed",
      "type": "aws_cognito_user_pool_client",
      "name": "user_pool_client",
      "provider": "provider[\"registry.terraform.io/hashicorp/aws\"]",
      "instances": [
        {
          "schema_version": 0,
          "attributes": {
            "access_token_validity": 0,
            "allowed_oauth_flows": [],
            "allowed_oauth_flows_user_pool_client": false,
            "allowed_oauth_scopes": [],
            "analytics_configuration": [],
            "auth_session_validity": 3,
            "callback_urls": [],
            "client_secret": "",
            "default_redirect_uri": "",
            "enable_propagate_additional_user_context_data": false,
            "enable_token_revocation": true,
            "explicit_auth_flows": [
              "ALLOW_REFRESH_TOKEN_AUTH",
              "ALLOW_USER_PASSWORD_AUTH",
              "ALLOW_USER_SRP_AUTH"
            ],
            "generate_secret": false,
            "id": "3ut9jsaobadc01adnsqil7unle",
            "id_token_validity": 0,
            "logout_urls": [],
            "name": "todo-client",
            "prevent_user_existence_errors": "",
            "read_attributes": [],
            "refresh_token_rotation": [],
            "refresh_token_validity": 30,
            "region": "sa-east-1",
            "supported_identity_providers": [],
            "token_validity_units": [],
            "user_pool_id": "sa-east-1_iXUiPVDuR",
            "write_attributes": []
          },
          "sensitive_attributes": [
            [
              {
                "type": "get_attr",
                "value": "client_secret"
              }
            ]
          ],
          "identity_schema_version": 0,
          "dependencies": [
            "module.cognito.aws_cognito_user_pool.user_pool"
          ]
        }
      ]
    }
  ],
  "check_results": null
}
